// !$*UTF8*$!
{
	archiveVersion = 1;
	classes = {
	};
	objectVersion = 45;
	objects = {

/* Begin PBXBuildFile section */
		46D8B63011BF0EBE00F59321 /* Growl.framework in Frameworks */ = {isa = PBXBuildFile; fileRef = 46D8B62F11BF0EBE00F59321 /* Growl.framework */; };
		46D8B64D11BF120400F59321 /* Growl.framework in CopyFiles */ = {isa = PBXBuildFile; fileRef = 46D8B62F11BF0EBE00F59321 /* Growl.framework */; };
		696F5BED1051D32E0085FA8D /* About.xib in Resources */ = {isa = PBXBuildFile; fileRef = 696F5BEA1051D32E0085FA8D /* About.xib */; };
		696F5BEE1051D32E0085FA8D /* MainMenu.xib in Resources */ = {isa = PBXBuildFile; fileRef = 696F5BEB1051D32E0085FA8D /* MainMenu.xib */; };
		696F5BEF1051D32E0085FA8D /* Stats.xib in Resources */ = {isa = PBXBuildFile; fileRef = 696F5BEC1051D32E0085FA8D /* Stats.xib */; };
		696F5C241051D3A30085FA8D /* AboutController.m in Sources */ = {isa = PBXBuildFile; fileRef = 696F5BF11051D3A30085FA8D /* AboutController.m */; };
		696F5C251051D3A30085FA8D /* Binder.m in Sources */ = {isa = PBXBuildFile; fileRef = 696F5BF31051D3A30085FA8D /* Binder.m */; };
		696F5C261051D3A30085FA8D /* DurationFormatter.m in Sources */ = {isa = PBXBuildFile; fileRef = 696F5BF51051D3A30085FA8D /* DurationFormatter.m */; };
		696F5C271051D3A30085FA8D /* GrowlNotifier.m in Sources */ = {isa = PBXBuildFile; fileRef = 696F5BF71051D3A30085FA8D /* GrowlNotifier.m */; };
		696F5C281051D3A30085FA8D /* MGTwitterEngine.m in Sources */ = {isa = PBXBuildFile; fileRef = 696F5BF91051D3A30085FA8D /* MGTwitterEngine.m */; };
		696F5C291051D3A30085FA8D /* MGTwitterHTTPURLConnection.m in Sources */ = {isa = PBXBuildFile; fileRef = 696F5BFD1051D3A30085FA8D /* MGTwitterHTTPURLConnection.m */; };
		696F5C2A1051D3A30085FA8D /* MGTwitterLibXMLParser.m in Sources */ = {isa = PBXBuildFile; fileRef = 696F5BFF1051D3A30085FA8D /* MGTwitterLibXMLParser.m */; };
		696F5C2B1051D3A30085FA8D /* MGTwitterMessagesLibXMLParser.m in Sources */ = {isa = PBXBuildFile; fileRef = 696F5C011051D3A30085FA8D /* MGTwitterMessagesLibXMLParser.m */; };
		696F5C2C1051D3A30085FA8D /* MGTwitterMessagesParser.m in Sources */ = {isa = PBXBuildFile; fileRef = 696F5C031051D3A30085FA8D /* MGTwitterMessagesParser.m */; };
		696F5C2D1051D3A30085FA8D /* MGTwitterMiscLibXMLParser.m in Sources */ = {isa = PBXBuildFile; fileRef = 696F5C051051D3A30085FA8D /* MGTwitterMiscLibXMLParser.m */; };
		696F5C2E1051D3A30085FA8D /* MGTwitterMiscParser.m in Sources */ = {isa = PBXBuildFile; fileRef = 696F5C071051D3A30085FA8D /* MGTwitterMiscParser.m */; };
		696F5C2F1051D3A30085FA8D /* MGTwitterStatusesLibXMLParser.m in Sources */ = {isa = PBXBuildFile; fileRef = 696F5C0B1051D3A30085FA8D /* MGTwitterStatusesLibXMLParser.m */; };
		696F5C301051D3A30085FA8D /* MGTwitterStatusesParser.m in Sources */ = {isa = PBXBuildFile; fileRef = 696F5C0D1051D3A30085FA8D /* MGTwitterStatusesParser.m */; };
		696F5C311051D3A30085FA8D /* MGTwitterUsersLibXMLParser.m in Sources */ = {isa = PBXBuildFile; fileRef = 696F5C0F1051D3A30085FA8D /* MGTwitterUsersLibXMLParser.m */; };
		696F5C321051D3A30085FA8D /* MGTwitterUsersParser.m in Sources */ = {isa = PBXBuildFile; fileRef = 696F5C111051D3A30085FA8D /* MGTwitterUsersParser.m */; };
		696F5C331051D3A30085FA8D /* MGTwitterXMLParser.m in Sources */ = {isa = PBXBuildFile; fileRef = 696F5C131051D3A30085FA8D /* MGTwitterXMLParser.m */; };
		696F5C341051D3A30085FA8D /* NSData+Base64.m in Sources */ = {isa = PBXBuildFile; fileRef = 696F5C151051D3A30085FA8D /* NSData+Base64.m */; };
		696F5C351051D3A30085FA8D /* NSString+UUID.m in Sources */ = {isa = PBXBuildFile; fileRef = 696F5C171051D3A30085FA8D /* NSString+UUID.m */; };
		696F5C361051D3A30085FA8D /* Pomodoro.m in Sources */ = {isa = PBXBuildFile; fileRef = 696F5C191051D3A30085FA8D /* Pomodoro.m */; };
		696F5C371051D3A30085FA8D /* PomodoroArrayController.m in Sources */ = {isa = PBXBuildFile; fileRef = 696F5C1B1051D3A30085FA8D /* PomodoroArrayController.m */; };
		696F5C381051D3A30085FA8D /* PomodoroController.m in Sources */ = {isa = PBXBuildFile; fileRef = 696F5C1D1051D3A30085FA8D /* PomodoroController.m */; };
		696F5C391051D3A30085FA8D /* PomodoroDefaults.m in Sources */ = {isa = PBXBuildFile; fileRef = 696F5C1F1051D3A30085FA8D /* PomodoroDefaults.m */; };
		696F5C3A1051D3A30085FA8D /* PomodoroStats.m in Sources */ = {isa = PBXBuildFile; fileRef = 696F5C211051D3A30085FA8D /* PomodoroStats.m */; };
		696F5C3B1051D3A30085FA8D /* StatsController.m in Sources */ = {isa = PBXBuildFile; fileRef = 696F5C231051D3A30085FA8D /* StatsController.m */; };
		696F5C4E1051D4360085FA8D /* about.html in Resources */ = {isa = PBXBuildFile; fileRef = 696F5C401051D4360085FA8D /* about.html */; };
		696F5C501051D4360085FA8D /* green.png in Resources */ = {isa = PBXBuildFile; fileRef = 696F5C421051D4360085FA8D /* green.png */; };
		696F5C511051D4360085FA8D /* Pomodoro-License.txt in Resources */ = {isa = PBXBuildFile; fileRef = 696F5C431051D4360085FA8D /* Pomodoro-License.txt */; };
		696F5C521051D4360085FA8D /* pomodoro.png in Resources */ = {isa = PBXBuildFile; fileRef = 696F5C441051D4360085FA8D /* pomodoro.png */; };
		696F5C531051D4360085FA8D /* pomodoroBreak.png in Resources */ = {isa = PBXBuildFile; fileRef = 696F5C451051D4360085FA8D /* pomodoroBreak.png */; };
		696F5C541051D4360085FA8D /* pomodoroFreeze.png in Resources */ = {isa = PBXBuildFile; fileRef = 696F5C461051D4360085FA8D /* pomodoroFreeze.png */; };
		696F5C551051D4360085FA8D /* README.txt in Resources */ = {isa = PBXBuildFile; fileRef = 696F5C471051D4360085FA8D /* README.txt */; };
		696F5C561051D4360085FA8D /* red.png in Resources */ = {isa = PBXBuildFile; fileRef = 696F5C481051D4360085FA8D /* red.png */; };
		696F5C571051D4360085FA8D /* ReleaseNotes.txt in Resources */ = {isa = PBXBuildFile; fileRef = 696F5C491051D4360085FA8D /* ReleaseNotes.txt */; };
		696F5C5A1051D4360085FA8D /* tick.wav in Resources */ = {isa = PBXBuildFile; fileRef = 696F5C4C1051D4360085FA8D /* tick.wav */; };
		696F5C6B1051D51F0085FA8D /* Pomodoros.xcdatamodel in Sources */ = {isa = PBXBuildFile; fileRef = 696F5C6A1051D51F0085FA8D /* Pomodoros.xcdatamodel */; };
		696F5C7D1051D6D10085FA8D /* Carbon.framework in Frameworks */ = {isa = PBXBuildFile; fileRef = 696F5C7C1051D6D10085FA8D /* Carbon.framework */; };
		696F5D9B1051D7200085FA8D /* libxml2.dylib in Frameworks */ = {isa = PBXBuildFile; fileRef = 696F5D9A1051D7200085FA8D /* libxml2.dylib */; };
		698B363C1107896600C9A667 /* dsa_pub.pem in Resources */ = {isa = PBXBuildFile; fileRef = 698B363B1107896600C9A667 /* dsa_pub.pem */; };
		698EDB7F110720C7003DEEB2 /* ShortcutRecorder.framework in CopyFiles */ = {isa = PBXBuildFile; fileRef = 69E9323D1052957F00A45035 /* ShortcutRecorder.framework */; };
		69D16FA21053C1E10051AC93 /* PTHotKey.m in Sources */ = {isa = PBXBuildFile; fileRef = 69D16F9B1053C1E10051AC93 /* PTHotKey.m */; };
		69D16FA31053C1E10051AC93 /* PTHotKeyCenter.m in Sources */ = {isa = PBXBuildFile; fileRef = 69D16F9D1053C1E10051AC93 /* PTHotKeyCenter.m */; };
		69D16FA41053C1E10051AC93 /* PTKeyCodeTranslator.m in Sources */ = {isa = PBXBuildFile; fileRef = 69D16F9F1053C1E10051AC93 /* PTKeyCodeTranslator.m */; };
		69D16FA51053C1E10051AC93 /* PTKeyCombo.m in Sources */ = {isa = PBXBuildFile; fileRef = 69D16FA11053C1E10051AC93 /* PTKeyCombo.m */; };
		69DCEE9F1105B00400F48F37 /* icon.icns in Resources */ = {isa = PBXBuildFile; fileRef = 69DCEE9E1105B00400F48F37 /* icon.icns */; };
		69E9323E1052957F00A45035 /* ShortcutRecorder.framework in Frameworks */ = {isa = PBXBuildFile; fileRef = 69E9323D1052957F00A45035 /* ShortcutRecorder.framework */; };
		69F206BB1053185C00F77A21 /* MGTwitterEngine-License.rtf in Resources */ = {isa = PBXBuildFile; fileRef = 69F206B71053185C00F77A21 /* MGTwitterEngine-License.rtf */; };
		69F206BC1053185C00F77A21 /* ShortcutRecorder-License.txt in Resources */ = {isa = PBXBuildFile; fileRef = 69F206B81053185C00F77A21 /* ShortcutRecorder-License.txt */; };
		69F206BD1053185C00F77A21 /* Sounds-License.txt in Resources */ = {isa = PBXBuildFile; fileRef = 69F206B91053185C00F77A21 /* Sounds-License.txt */; };
		69F206BE1053185C00F77A21 /* Sparkle-License.txt in Resources */ = {isa = PBXBuildFile; fileRef = 69F206BA1053185C00F77A21 /* Sparkle-License.txt */; };
		69F206D61053199900F77A21 /* BGHUDAppKit-License.txt in Resources */ = {isa = PBXBuildFile; fileRef = 69F206D51053199900F77A21 /* BGHUDAppKit-License.txt */; };
		69F206E010531B9500F77A21 /* Growl-License.txt in Resources */ = {isa = PBXBuildFile; fileRef = 69F206DF10531B9500F77A21 /* Growl-License.txt */; };
		69F206F71053222B00F77A21 /* ring.wav in Resources */ = {isa = PBXBuildFile; fileRef = 69F206F61053222B00F77A21 /* ring.wav */; };
		69F2076A105335B600F77A21 /* SystemUIPlugin.framework in Frameworks */ = {isa = PBXBuildFile; fileRef = 69F20769105335B600F77A21 /* SystemUIPlugin.framework */; };
		69F2078110533B7300F77A21 /* PomodoroMenuExtra.m in Sources */ = {isa = PBXBuildFile; fileRef = 69F2078010533B7300F77A21 /* PomodoroMenuExtra.m */; };
		69F2078410533B9300F77A21 /* PomodoroMenuExtraView.m in Sources */ = {isa = PBXBuildFile; fileRef = 69F2078310533B9300F77A21 /* PomodoroMenuExtraView.m */; };
		69FE2FD01105E82700A1D711 /* Sparkle.framework in Frameworks */ = {isa = PBXBuildFile; fileRef = 69FE2FCF1105E82700A1D711 /* Sparkle.framework */; };
		69FE2FD91105E82A00A1D711 /* Sparkle.framework in CopyFiles */ = {isa = PBXBuildFile; fileRef = 69FE2FCF1105E82700A1D711 /* Sparkle.framework */; };
		69FE30CE1105F11000A1D711 /* BGHUDAppKit.framework in Frameworks */ = {isa = PBXBuildFile; fileRef = 69FE30CD1105F11000A1D711 /* BGHUDAppKit.framework */; };
		69FE30CF1105F11400A1D711 /* BGHUDAppKit.framework in CopyFiles */ = {isa = PBXBuildFile; fileRef = 69FE30CD1105F11000A1D711 /* BGHUDAppKit.framework */; };
		69FE30E511065F2200A1D711 /* pomodoro_n.png in Resources */ = {isa = PBXBuildFile; fileRef = 69FE30E211065F2200A1D711 /* pomodoro_n.png */; };
		69FE30E611065F2200A1D711 /* pomodoroBreak_n.png in Resources */ = {isa = PBXBuildFile; fileRef = 69FE30E311065F2200A1D711 /* pomodoroBreak_n.png */; };
		69FE30E711065F2200A1D711 /* pomodoroFreeze_n.png in Resources */ = {isa = PBXBuildFile; fileRef = 69FE30E411065F2200A1D711 /* pomodoroFreeze_n.png */; };
		69FE31241106626A00A1D711 /* twitter.png in Resources */ = {isa = PBXBuildFile; fileRef = 69FE31231106626A00A1D711 /* twitter.png */; };
		8D11072B0486CEB800E47090 /* InfoPlist.strings in Resources */ = {isa = PBXBuildFile; fileRef = 089C165CFE840E0CC02AAC07 /* InfoPlist.strings */; };
		8D11072D0486CEB800E47090 /* main.m in Sources */ = {isa = PBXBuildFile; fileRef = 29B97316FDCFA39411CA2CEA /* main.m */; settings = {ATTRIBUTES = (); }; };
		8D11072F0486CEB800E47090 /* Cocoa.framework in Frameworks */ = {isa = PBXBuildFile; fileRef = 1058C7A1FEA54F0111CA2CBB /* Cocoa.framework */; };
		B4068CCE12265EC00043723D /* TagsController.m in Sources */ = {isa = PBXBuildFile; fileRef = B4068CCD12265EC00043723D /* TagsController.m */; };
		B41978F61226AB0E00B59CCA /* ProvaScenario.m in Sources */ = {isa = PBXBuildFile; fileRef = B41978F51226AB0E00B59CCA /* ProvaScenario.m */; };
		B41979001226AB5D00B59CCA /* AboutController.m in Sources */ = {isa = PBXBuildFile; fileRef = 696F5BF11051D3A30085FA8D /* AboutController.m */; };
		B41979011226AB5D00B59CCA /* Binder.m in Sources */ = {isa = PBXBuildFile; fileRef = 696F5BF31051D3A30085FA8D /* Binder.m */; };
		B41979021226AB5D00B59CCA /* DurationFormatter.m in Sources */ = {isa = PBXBuildFile; fileRef = 696F5BF51051D3A30085FA8D /* DurationFormatter.m */; };
		B41979031226AB5D00B59CCA /* GrowlNotifier.m in Sources */ = {isa = PBXBuildFile; fileRef = 696F5BF71051D3A30085FA8D /* GrowlNotifier.m */; };
		B41979041226AB5D00B59CCA /* MGTwitterEngine.m in Sources */ = {isa = PBXBuildFile; fileRef = 696F5BF91051D3A30085FA8D /* MGTwitterEngine.m */; };
		B41979051226AB5D00B59CCA /* MGTwitterHTTPURLConnection.m in Sources */ = {isa = PBXBuildFile; fileRef = 696F5BFD1051D3A30085FA8D /* MGTwitterHTTPURLConnection.m */; };
		B41979061226AB5D00B59CCA /* MGTwitterLibXMLParser.m in Sources */ = {isa = PBXBuildFile; fileRef = 696F5BFF1051D3A30085FA8D /* MGTwitterLibXMLParser.m */; };
		B41979071226AB5D00B59CCA /* MGTwitterMessagesLibXMLParser.m in Sources */ = {isa = PBXBuildFile; fileRef = 696F5C011051D3A30085FA8D /* MGTwitterMessagesLibXMLParser.m */; };
		B41979081226AB5D00B59CCA /* MGTwitterMessagesParser.m in Sources */ = {isa = PBXBuildFile; fileRef = 696F5C031051D3A30085FA8D /* MGTwitterMessagesParser.m */; };
		B41979091226AB5D00B59CCA /* MGTwitterMiscLibXMLParser.m in Sources */ = {isa = PBXBuildFile; fileRef = 696F5C051051D3A30085FA8D /* MGTwitterMiscLibXMLParser.m */; };
		B419790A1226AB5D00B59CCA /* MGTwitterMiscParser.m in Sources */ = {isa = PBXBuildFile; fileRef = 696F5C071051D3A30085FA8D /* MGTwitterMiscParser.m */; };
		B419790B1226AB5D00B59CCA /* MGTwitterStatusesLibXMLParser.m in Sources */ = {isa = PBXBuildFile; fileRef = 696F5C0B1051D3A30085FA8D /* MGTwitterStatusesLibXMLParser.m */; };
		B419790C1226AB5D00B59CCA /* MGTwitterStatusesParser.m in Sources */ = {isa = PBXBuildFile; fileRef = 696F5C0D1051D3A30085FA8D /* MGTwitterStatusesParser.m */; };
		B419790D1226AB5D00B59CCA /* MGTwitterUsersLibXMLParser.m in Sources */ = {isa = PBXBuildFile; fileRef = 696F5C0F1051D3A30085FA8D /* MGTwitterUsersLibXMLParser.m */; };
		B419790E1226AB5D00B59CCA /* MGTwitterUsersParser.m in Sources */ = {isa = PBXBuildFile; fileRef = 696F5C111051D3A30085FA8D /* MGTwitterUsersParser.m */; };
		B419790F1226AB5D00B59CCA /* MGTwitterXMLParser.m in Sources */ = {isa = PBXBuildFile; fileRef = 696F5C131051D3A30085FA8D /* MGTwitterXMLParser.m */; };
		B41979101226AB5D00B59CCA /* NSData+Base64.m in Sources */ = {isa = PBXBuildFile; fileRef = 696F5C151051D3A30085FA8D /* NSData+Base64.m */; };
		B41979111226AB5D00B59CCA /* NSString+UUID.m in Sources */ = {isa = PBXBuildFile; fileRef = 696F5C171051D3A30085FA8D /* NSString+UUID.m */; };
		B41979121226AB5D00B59CCA /* Pomodoro.m in Sources */ = {isa = PBXBuildFile; fileRef = 696F5C191051D3A30085FA8D /* Pomodoro.m */; };
		B41979131226AB5D00B59CCA /* PomodoroArrayController.m in Sources */ = {isa = PBXBuildFile; fileRef = 696F5C1B1051D3A30085FA8D /* PomodoroArrayController.m */; };
		B41979141226AB5D00B59CCA /* PomodoroController.m in Sources */ = {isa = PBXBuildFile; fileRef = 696F5C1D1051D3A30085FA8D /* PomodoroController.m */; };
		B41979151226AB5D00B59CCA /* PomodoroDefaults.m in Sources */ = {isa = PBXBuildFile; fileRef = 696F5C1F1051D3A30085FA8D /* PomodoroDefaults.m */; };
		B41979161226AB5D00B59CCA /* PomodoroStats.m in Sources */ = {isa = PBXBuildFile; fileRef = 696F5C211051D3A30085FA8D /* PomodoroStats.m */; };
		B41979171226AB5D00B59CCA /* StatsController.m in Sources */ = {isa = PBXBuildFile; fileRef = 696F5C231051D3A30085FA8D /* StatsController.m */; };
		B41979181226AB5D00B59CCA /* Pomodoros.xcdatamodel in Sources */ = {isa = PBXBuildFile; fileRef = 696F5C6A1051D51F0085FA8D /* Pomodoros.xcdatamodel */; };
		B41979191226AB5D00B59CCA /* PomodoroMenuExtra.m in Sources */ = {isa = PBXBuildFile; fileRef = 69F2078010533B7300F77A21 /* PomodoroMenuExtra.m */; };
		B419791A1226AB5D00B59CCA /* PomodoroMenuExtraView.m in Sources */ = {isa = PBXBuildFile; fileRef = 69F2078310533B9300F77A21 /* PomodoroMenuExtraView.m */; };
		B419791B1226AB5D00B59CCA /* PTHotKey.m in Sources */ = {isa = PBXBuildFile; fileRef = 69D16F9B1053C1E10051AC93 /* PTHotKey.m */; };
		B419791C1226AB5D00B59CCA /* PTHotKeyCenter.m in Sources */ = {isa = PBXBuildFile; fileRef = 69D16F9D1053C1E10051AC93 /* PTHotKeyCenter.m */; };
		B419791D1226AB5D00B59CCA /* PTKeyCodeTranslator.m in Sources */ = {isa = PBXBuildFile; fileRef = 69D16F9F1053C1E10051AC93 /* PTKeyCodeTranslator.m */; };
		B419791E1226AB5D00B59CCA /* PTKeyCombo.m in Sources */ = {isa = PBXBuildFile; fileRef = 69D16FA11053C1E10051AC93 /* PTKeyCombo.m */; };
		B419791F1226AB5D00B59CCA /* TagsController.m in Sources */ = {isa = PBXBuildFile; fileRef = B4068CCD12265EC00043723D /* TagsController.m */; };
		B41979271226AB8E00B59CCA /* Growl.framework in Frameworks */ = {isa = PBXBuildFile; fileRef = 46D8B62F11BF0EBE00F59321 /* Growl.framework */; };
		B419792A1226ABA000B59CCA /* libxml2.dylib in Frameworks */ = {isa = PBXBuildFile; fileRef = 696F5D9A1051D7200085FA8D /* libxml2.dylib */; };
		B419792F1226ABE800B59CCA /* SystemUIPlugin.framework in Frameworks */ = {isa = PBXBuildFile; fileRef = 69F20769105335B600F77A21 /* SystemUIPlugin.framework */; };
		B419793A1226ABFB00B59CCA /* ShortcutRecorder.framework in Frameworks */ = {isa = PBXBuildFile; fileRef = 69E9323D1052957F00A45035 /* ShortcutRecorder.framework */; };
		B41979471226AC1D00B59CCA /* Sparkle.framework in Frameworks */ = {isa = PBXBuildFile; fileRef = 69FE2FCF1105E82700A1D711 /* Sparkle.framework */; };
		B4197A251226AC3600B59CCA /* Cocoa.framework in Frameworks */ = {isa = PBXBuildFile; fileRef = 1058C7A1FEA54F0111CA2CBB /* Cocoa.framework */; };
		B4197A261226AC3600B59CCA /* Carbon.framework in Frameworks */ = {isa = PBXBuildFile; fileRef = 696F5C7C1051D6D10085FA8D /* Carbon.framework */; };
		B4197A481226B38800B59CCA /* Growl.framework in CopyFiles */ = {isa = PBXBuildFile; fileRef = 46D8B62F11BF0EBE00F59321 /* Growl.framework */; };
		B4197A491226B38800B59CCA /* ShortcutRecorder.framework in CopyFiles */ = {isa = PBXBuildFile; fileRef = 69E9323D1052957F00A45035 /* ShortcutRecorder.framework */; };
		B4197A4A1226B38800B59CCA /* BGHUDAppKit.framework in CopyFiles */ = {isa = PBXBuildFile; fileRef = 69FE30CD1105F11000A1D711 /* BGHUDAppKit.framework */; };
		B4197A4B1226B38800B59CCA /* Sparkle.framework in CopyFiles */ = {isa = PBXBuildFile; fileRef = 69FE2FCF1105E82700A1D711 /* Sparkle.framework */; };
		B4197A8A1226BB1500B59CCA /* NSException_SenTestFailure.m in Sources */ = {isa = PBXBuildFile; fileRef = B4197A5D1226BB1500B59CCA /* NSException_SenTestFailure.m */; };
		B4197A8B1226BB1500B59CCA /* NSInvocation_SenTesting.m in Sources */ = {isa = PBXBuildFile; fileRef = B4197A5F1226BB1500B59CCA /* NSInvocation_SenTesting.m */; };
		B4197A8C1226BB1500B59CCA /* NSObject_SenTestRuntimeUtilities.m in Sources */ = {isa = PBXBuildFile; fileRef = B4197A611226BB1500B59CCA /* NSObject_SenTestRuntimeUtilities.m */; };
		B4197A8F1226BB1500B59CCA /* SenInterfaceTestCase.m in Sources */ = {isa = PBXBuildFile; fileRef = B4197A651226BB1500B59CCA /* SenInterfaceTestCase.m */; };
		B4197A911226BB1500B59CCA /* SenTest.m in Sources */ = {isa = PBXBuildFile; fileRef = B4197A681226BB1500B59CCA /* SenTest.m */; };
		B4197A921226BB1500B59CCA /* SenTestCase.m in Sources */ = {isa = PBXBuildFile; fileRef = B4197A6B1226BB1500B59CCA /* SenTestCase.m */; };
		B4197A931226BB1500B59CCA /* SenTestCaseRun.m in Sources */ = {isa = PBXBuildFile; fileRef = B4197A6D1226BB1500B59CCA /* SenTestCaseRun.m */; };
		B4197A941226BB1500B59CCA /* SenTestClassEnumerator.m in Sources */ = {isa = PBXBuildFile; fileRef = B4197A6F1226BB1500B59CCA /* SenTestClassEnumerator.m */; };
		B4197A951226BB1500B59CCA /* SenTestDistributedNotifier.m in Sources */ = {isa = PBXBuildFile; fileRef = B4197A721226BB1500B59CCA /* SenTestDistributedNotifier.m */; };
		B4197A961226BB1500B59CCA /* SenTestingUtilities.m in Sources */ = {isa = PBXBuildFile; fileRef = B4197A791226BB1500B59CCA /* SenTestingUtilities.m */; };
		B4197A971226BB1500B59CCA /* SenTestInvocationEnumerator.m in Sources */ = {isa = PBXBuildFile; fileRef = B4197A7B1226BB1500B59CCA /* SenTestInvocationEnumerator.m */; };
		B4197A981226BB1500B59CCA /* SenTestLog.m in Sources */ = {isa = PBXBuildFile; fileRef = B4197A7D1226BB1500B59CCA /* SenTestLog.m */; };
		B4197A991226BB1500B59CCA /* SenTestObserver.m in Sources */ = {isa = PBXBuildFile; fileRef = B4197A7F1226BB1500B59CCA /* SenTestObserver.m */; };
		B4197A9A1226BB1500B59CCA /* SenTestProbe.m in Sources */ = {isa = PBXBuildFile; fileRef = B4197A811226BB1500B59CCA /* SenTestProbe.m */; };
		B4197A9B1226BB1500B59CCA /* SenTestRun.m in Sources */ = {isa = PBXBuildFile; fileRef = B4197A831226BB1500B59CCA /* SenTestRun.m */; };
		B4197A9C1226BB1500B59CCA /* SenTestSuite.m in Sources */ = {isa = PBXBuildFile; fileRef = B4197A851226BB1500B59CCA /* SenTestSuite.m */; };
		B4197A9D1226BB1500B59CCA /* SenTestSuiteRun.m in Sources */ = {isa = PBXBuildFile; fileRef = B4197A871226BB1500B59CCA /* SenTestSuiteRun.m */; };
		B44B5D9E12280AF900AA52A1 /* libsqlite3.dylib in Frameworks */ = {isa = PBXBuildFile; fileRef = B44B5D9D12280AF900AA52A1 /* libsqlite3.dylib */; };
/* End PBXBuildFile section */

/* Begin PBXContainerItemProxy section */
		B4197AA11226BB1500B59CCA /* PBXContainerItemProxy */ = {
			isa = PBXContainerItemProxy;
			containerPortal = B4197A751226BB1500B59CCA /* SenTestingKit.xcode */;
			proxyType = 2;
			remoteGlobalIDString = 8DC2EF5B0486A6940098B216;
			remoteInfo = SenTestingKit;
		};
		B4197AA31226BB1500B59CCA /* PBXContainerItemProxy */ = {
			isa = PBXContainerItemProxy;
			containerPortal = B4197A751226BB1500B59CCA /* SenTestingKit.xcode */;
			proxyType = 2;
			remoteGlobalIDString = E98E64A5056D17830033599A;
			remoteInfo = SenTestingKit_UnitTests;
		};
/* End PBXContainerItemProxy section */

/* Begin PBXCopyFilesBuildPhase section */
		696F5DA71051D80A0085FA8D /* CopyFiles */ = {
			isa = PBXCopyFilesBuildPhase;
			buildActionMask = 2147483647;
			dstPath = "";
			dstSubfolderSpec = 10;
			files = (
				46D8B64D11BF120400F59321 /* Growl.framework in CopyFiles */,
				698EDB7F110720C7003DEEB2 /* ShortcutRecorder.framework in CopyFiles */,
				69FE30CF1105F11400A1D711 /* BGHUDAppKit.framework in CopyFiles */,
				69FE2FD91105E82A00A1D711 /* Sparkle.framework in CopyFiles */,
			);
			runOnlyForDeploymentPostprocessing = 0;
		};
		B4197A4E1226B3A600B59CCA /* CopyFiles */ = {
			isa = PBXCopyFilesBuildPhase;
			buildActionMask = 2147483647;
			dstPath = "";
			dstSubfolderSpec = 10;
			files = (
				B4197A481226B38800B59CCA /* Growl.framework in CopyFiles */,
				B4197A491226B38800B59CCA /* ShortcutRecorder.framework in CopyFiles */,
				B4197A4A1226B38800B59CCA /* BGHUDAppKit.framework in CopyFiles */,
				B4197A4B1226B38800B59CCA /* Sparkle.framework in CopyFiles */,
			);
			runOnlyForDeploymentPostprocessing = 0;
		};
/* End PBXCopyFilesBuildPhase section */

/* Begin PBXFileReference section */
		089C165DFE840E0CC02AAC07 /* English */ = {isa = PBXFileReference; fileEncoding = 4; lastKnownFileType = text.plist.strings; name = English; path = English.lproj/InfoPlist.strings; sourceTree = "<group>"; };
		1058C7A1FEA54F0111CA2CBB /* Cocoa.framework */ = {isa = PBXFileReference; lastKnownFileType = wrapper.framework; name = Cocoa.framework; path = /System/Library/Frameworks/Cocoa.framework; sourceTree = "<absolute>"; };
		13E42FB307B3F0F600E4EEF1 /* CoreData.framework */ = {isa = PBXFileReference; lastKnownFileType = wrapper.framework; name = CoreData.framework; path = /System/Library/Frameworks/CoreData.framework; sourceTree = "<absolute>"; };
		256AC3F00F4B6AF500CF3369 /* pomodoro_Prefix.pch */ = {isa = PBXFileReference; fileEncoding = 4; lastKnownFileType = sourcecode.c.h; path = pomodoro_Prefix.pch; sourceTree = "<group>"; };
		29B97316FDCFA39411CA2CEA /* main.m */ = {isa = PBXFileReference; fileEncoding = 4; lastKnownFileType = sourcecode.c.objc; path = main.m; sourceTree = "<group>"; };
		29B97324FDCFA39411CA2CEA /* AppKit.framework */ = {isa = PBXFileReference; lastKnownFileType = wrapper.framework; name = AppKit.framework; path = /System/Library/Frameworks/AppKit.framework; sourceTree = "<absolute>"; };
		29B97325FDCFA39411CA2CEA /* Foundation.framework */ = {isa = PBXFileReference; lastKnownFileType = wrapper.framework; name = Foundation.framework; path = /System/Library/Frameworks/Foundation.framework; sourceTree = "<absolute>"; };
		46D8B62F11BF0EBE00F59321 /* Growl.framework */ = {isa = PBXFileReference; explicitFileType = wrapper.framework; name = Growl.framework; path = ../Growl.framework; sourceTree = SOURCE_ROOT; };
		696F5BEA1051D32E0085FA8D /* About.xib */ = {isa = PBXFileReference; lastKnownFileType = file.xib; name = About.xib; path = ../About.xib; sourceTree = SOURCE_ROOT; };
		696F5BEB1051D32E0085FA8D /* MainMenu.xib */ = {isa = PBXFileReference; lastKnownFileType = file.xib; name = MainMenu.xib; path = ../MainMenu.xib; sourceTree = SOURCE_ROOT; };
		696F5BEC1051D32E0085FA8D /* Stats.xib */ = {isa = PBXFileReference; lastKnownFileType = file.xib; name = Stats.xib; path = ../Stats.xib; sourceTree = SOURCE_ROOT; };
		696F5BF01051D3A30085FA8D /* AboutController.h */ = {isa = PBXFileReference; fileEncoding = 4; lastKnownFileType = sourcecode.c.h; name = AboutController.h; path = ../AboutController.h; sourceTree = SOURCE_ROOT; };
		696F5BF11051D3A30085FA8D /* AboutController.m */ = {isa = PBXFileReference; fileEncoding = 4; lastKnownFileType = sourcecode.c.objc; name = AboutController.m; path = ../AboutController.m; sourceTree = SOURCE_ROOT; };
		696F5BF21051D3A30085FA8D /* Binder.h */ = {isa = PBXFileReference; fileEncoding = 4; lastKnownFileType = sourcecode.c.h; name = Binder.h; path = ../Binder.h; sourceTree = SOURCE_ROOT; };
		696F5BF31051D3A30085FA8D /* Binder.m */ = {isa = PBXFileReference; fileEncoding = 4; lastKnownFileType = sourcecode.c.objc; name = Binder.m; path = ../Binder.m; sourceTree = SOURCE_ROOT; };
		696F5BF41051D3A30085FA8D /* DurationFormatter.h */ = {isa = PBXFileReference; fileEncoding = 4; lastKnownFileType = sourcecode.c.h; name = DurationFormatter.h; path = ../DurationFormatter.h; sourceTree = SOURCE_ROOT; };
		696F5BF51051D3A30085FA8D /* DurationFormatter.m */ = {isa = PBXFileReference; fileEncoding = 4; lastKnownFileType = sourcecode.c.objc; name = DurationFormatter.m; path = ../DurationFormatter.m; sourceTree = SOURCE_ROOT; };
		696F5BF61051D3A30085FA8D /* GrowlNotifier.h */ = {isa = PBXFileReference; fileEncoding = 4; lastKnownFileType = sourcecode.c.h; name = GrowlNotifier.h; path = ../GrowlNotifier.h; sourceTree = SOURCE_ROOT; };
		696F5BF71051D3A30085FA8D /* GrowlNotifier.m */ = {isa = PBXFileReference; fileEncoding = 4; lastKnownFileType = sourcecode.c.objc; name = GrowlNotifier.m; path = ../GrowlNotifier.m; sourceTree = SOURCE_ROOT; };
		696F5BF81051D3A30085FA8D /* MGTwitterEngine.h */ = {isa = PBXFileReference; fileEncoding = 4; lastKnownFileType = sourcecode.c.h; name = MGTwitterEngine.h; path = ../MGTwitterEngine.h; sourceTree = SOURCE_ROOT; };
		696F5BF91051D3A30085FA8D /* MGTwitterEngine.m */ = {isa = PBXFileReference; fileEncoding = 4; lastKnownFileType = sourcecode.c.objc; name = MGTwitterEngine.m; path = ../MGTwitterEngine.m; sourceTree = SOURCE_ROOT; };
		696F5BFA1051D3A30085FA8D /* MGTwitterEngineDelegate.h */ = {isa = PBXFileReference; fileEncoding = 4; lastKnownFileType = sourcecode.c.h; name = MGTwitterEngineDelegate.h; path = ../MGTwitterEngineDelegate.h; sourceTree = SOURCE_ROOT; };
		696F5BFB1051D3A30085FA8D /* MGTwitterEngineGlobalHeader.h */ = {isa = PBXFileReference; fileEncoding = 4; lastKnownFileType = sourcecode.c.h; name = MGTwitterEngineGlobalHeader.h; path = ../MGTwitterEngineGlobalHeader.h; sourceTree = SOURCE_ROOT; };
		696F5BFC1051D3A30085FA8D /* MGTwitterHTTPURLConnection.h */ = {isa = PBXFileReference; fileEncoding = 4; lastKnownFileType = sourcecode.c.h; name = MGTwitterHTTPURLConnection.h; path = ../MGTwitterHTTPURLConnection.h; sourceTree = SOURCE_ROOT; };
		696F5BFD1051D3A30085FA8D /* MGTwitterHTTPURLConnection.m */ = {isa = PBXFileReference; fileEncoding = 4; lastKnownFileType = sourcecode.c.objc; name = MGTwitterHTTPURLConnection.m; path = ../MGTwitterHTTPURLConnection.m; sourceTree = SOURCE_ROOT; };
		696F5BFE1051D3A30085FA8D /* MGTwitterLibXMLParser.h */ = {isa = PBXFileReference; fileEncoding = 4; lastKnownFileType = sourcecode.c.h; name = MGTwitterLibXMLParser.h; path = ../MGTwitterLibXMLParser.h; sourceTree = SOURCE_ROOT; };
		696F5BFF1051D3A30085FA8D /* MGTwitterLibXMLParser.m */ = {isa = PBXFileReference; fileEncoding = 4; lastKnownFileType = sourcecode.c.objc; name = MGTwitterLibXMLParser.m; path = ../MGTwitterLibXMLParser.m; sourceTree = SOURCE_ROOT; };
		696F5C001051D3A30085FA8D /* MGTwitterMessagesLibXMLParser.h */ = {isa = PBXFileReference; fileEncoding = 4; lastKnownFileType = sourcecode.c.h; name = MGTwitterMessagesLibXMLParser.h; path = ../MGTwitterMessagesLibXMLParser.h; sourceTree = SOURCE_ROOT; };
		696F5C011051D3A30085FA8D /* MGTwitterMessagesLibXMLParser.m */ = {isa = PBXFileReference; fileEncoding = 4; lastKnownFileType = sourcecode.c.objc; name = MGTwitterMessagesLibXMLParser.m; path = ../MGTwitterMessagesLibXMLParser.m; sourceTree = SOURCE_ROOT; };
		696F5C021051D3A30085FA8D /* MGTwitterMessagesParser.h */ = {isa = PBXFileReference; fileEncoding = 4; lastKnownFileType = sourcecode.c.h; name = MGTwitterMessagesParser.h; path = ../MGTwitterMessagesParser.h; sourceTree = SOURCE_ROOT; };
		696F5C031051D3A30085FA8D /* MGTwitterMessagesParser.m */ = {isa = PBXFileReference; fileEncoding = 4; lastKnownFileType = sourcecode.c.objc; name = MGTwitterMessagesParser.m; path = ../MGTwitterMessagesParser.m; sourceTree = SOURCE_ROOT; };
		696F5C041051D3A30085FA8D /* MGTwitterMiscLibXMLParser.h */ = {isa = PBXFileReference; fileEncoding = 4; lastKnownFileType = sourcecode.c.h; name = MGTwitterMiscLibXMLParser.h; path = ../MGTwitterMiscLibXMLParser.h; sourceTree = SOURCE_ROOT; };
		696F5C051051D3A30085FA8D /* MGTwitterMiscLibXMLParser.m */ = {isa = PBXFileReference; fileEncoding = 4; lastKnownFileType = sourcecode.c.objc; name = MGTwitterMiscLibXMLParser.m; path = ../MGTwitterMiscLibXMLParser.m; sourceTree = SOURCE_ROOT; };
		696F5C061051D3A30085FA8D /* MGTwitterMiscParser.h */ = {isa = PBXFileReference; fileEncoding = 4; lastKnownFileType = sourcecode.c.h; name = MGTwitterMiscParser.h; path = ../MGTwitterMiscParser.h; sourceTree = SOURCE_ROOT; };
		696F5C071051D3A30085FA8D /* MGTwitterMiscParser.m */ = {isa = PBXFileReference; fileEncoding = 4; lastKnownFileType = sourcecode.c.objc; name = MGTwitterMiscParser.m; path = ../MGTwitterMiscParser.m; sourceTree = SOURCE_ROOT; };
		696F5C081051D3A30085FA8D /* MGTwitterParserDelegate.h */ = {isa = PBXFileReference; fileEncoding = 4; lastKnownFileType = sourcecode.c.h; name = MGTwitterParserDelegate.h; path = ../MGTwitterParserDelegate.h; sourceTree = SOURCE_ROOT; };
		696F5C091051D3A30085FA8D /* MGTwitterRequestTypes.h */ = {isa = PBXFileReference; fileEncoding = 4; lastKnownFileType = sourcecode.c.h; name = MGTwitterRequestTypes.h; path = ../MGTwitterRequestTypes.h; sourceTree = SOURCE_ROOT; };
		696F5C0A1051D3A30085FA8D /* MGTwitterStatusesLibXMLParser.h */ = {isa = PBXFileReference; fileEncoding = 4; lastKnownFileType = sourcecode.c.h; name = MGTwitterStatusesLibXMLParser.h; path = ../MGTwitterStatusesLibXMLParser.h; sourceTree = SOURCE_ROOT; };
		696F5C0B1051D3A30085FA8D /* MGTwitterStatusesLibXMLParser.m */ = {isa = PBXFileReference; fileEncoding = 4; lastKnownFileType = sourcecode.c.objc; name = MGTwitterStatusesLibXMLParser.m; path = ../MGTwitterStatusesLibXMLParser.m; sourceTree = SOURCE_ROOT; };
		696F5C0C1051D3A30085FA8D /* MGTwitterStatusesParser.h */ = {isa = PBXFileReference; fileEncoding = 4; lastKnownFileType = sourcecode.c.h; name = MGTwitterStatusesParser.h; path = ../MGTwitterStatusesParser.h; sourceTree = SOURCE_ROOT; };
		696F5C0D1051D3A30085FA8D /* MGTwitterStatusesParser.m */ = {isa = PBXFileReference; fileEncoding = 4; lastKnownFileType = sourcecode.c.objc; name = MGTwitterStatusesParser.m; path = ../MGTwitterStatusesParser.m; sourceTree = SOURCE_ROOT; };
		696F5C0E1051D3A30085FA8D /* MGTwitterUsersLibXMLParser.h */ = {isa = PBXFileReference; fileEncoding = 4; lastKnownFileType = sourcecode.c.h; name = MGTwitterUsersLibXMLParser.h; path = ../MGTwitterUsersLibXMLParser.h; sourceTree = SOURCE_ROOT; };
		696F5C0F1051D3A30085FA8D /* MGTwitterUsersLibXMLParser.m */ = {isa = PBXFileReference; fileEncoding = 4; lastKnownFileType = sourcecode.c.objc; name = MGTwitterUsersLibXMLParser.m; path = ../MGTwitterUsersLibXMLParser.m; sourceTree = SOURCE_ROOT; };
		696F5C101051D3A30085FA8D /* MGTwitterUsersParser.h */ = {isa = PBXFileReference; fileEncoding = 4; lastKnownFileType = sourcecode.c.h; name = MGTwitterUsersParser.h; path = ../MGTwitterUsersParser.h; sourceTree = SOURCE_ROOT; };
		696F5C111051D3A30085FA8D /* MGTwitterUsersParser.m */ = {isa = PBXFileReference; fileEncoding = 4; lastKnownFileType = sourcecode.c.objc; name = MGTwitterUsersParser.m; path = ../MGTwitterUsersParser.m; sourceTree = SOURCE_ROOT; };
		696F5C121051D3A30085FA8D /* MGTwitterXMLParser.h */ = {isa = PBXFileReference; fileEncoding = 4; lastKnownFileType = sourcecode.c.h; name = MGTwitterXMLParser.h; path = ../MGTwitterXMLParser.h; sourceTree = SOURCE_ROOT; };
		696F5C131051D3A30085FA8D /* MGTwitterXMLParser.m */ = {isa = PBXFileReference; fileEncoding = 4; lastKnownFileType = sourcecode.c.objc; name = MGTwitterXMLParser.m; path = ../MGTwitterXMLParser.m; sourceTree = SOURCE_ROOT; };
		696F5C141051D3A30085FA8D /* NSData+Base64.h */ = {isa = PBXFileReference; fileEncoding = 4; lastKnownFileType = sourcecode.c.h; name = "NSData+Base64.h"; path = "../NSData+Base64.h"; sourceTree = SOURCE_ROOT; };
		696F5C151051D3A30085FA8D /* NSData+Base64.m */ = {isa = PBXFileReference; fileEncoding = 4; lastKnownFileType = sourcecode.c.objc; name = "NSData+Base64.m"; path = "../NSData+Base64.m"; sourceTree = SOURCE_ROOT; };
		696F5C161051D3A30085FA8D /* NSString+UUID.h */ = {isa = PBXFileReference; fileEncoding = 4; lastKnownFileType = sourcecode.c.h; name = "NSString+UUID.h"; path = "../NSString+UUID.h"; sourceTree = SOURCE_ROOT; };
		696F5C171051D3A30085FA8D /* NSString+UUID.m */ = {isa = PBXFileReference; fileEncoding = 4; lastKnownFileType = sourcecode.c.objc; name = "NSString+UUID.m"; path = "../NSString+UUID.m"; sourceTree = SOURCE_ROOT; };
		696F5C181051D3A30085FA8D /* Pomodoro.h */ = {isa = PBXFileReference; fileEncoding = 4; lastKnownFileType = sourcecode.c.h; name = Pomodoro.h; path = ../Pomodoro.h; sourceTree = SOURCE_ROOT; };
		696F5C191051D3A30085FA8D /* Pomodoro.m */ = {isa = PBXFileReference; fileEncoding = 4; lastKnownFileType = sourcecode.c.objc; name = Pomodoro.m; path = ../Pomodoro.m; sourceTree = SOURCE_ROOT; };
		696F5C1A1051D3A30085FA8D /* PomodoroArrayController.h */ = {isa = PBXFileReference; fileEncoding = 4; lastKnownFileType = sourcecode.c.h; name = PomodoroArrayController.h; path = ../PomodoroArrayController.h; sourceTree = SOURCE_ROOT; };
		696F5C1B1051D3A30085FA8D /* PomodoroArrayController.m */ = {isa = PBXFileReference; fileEncoding = 4; lastKnownFileType = sourcecode.c.objc; name = PomodoroArrayController.m; path = ../PomodoroArrayController.m; sourceTree = SOURCE_ROOT; };
		696F5C1C1051D3A30085FA8D /* PomodoroController.h */ = {isa = PBXFileReference; fileEncoding = 4; lastKnownFileType = sourcecode.c.h; name = PomodoroController.h; path = ../PomodoroController.h; sourceTree = SOURCE_ROOT; };
		696F5C1D1051D3A30085FA8D /* PomodoroController.m */ = {isa = PBXFileReference; fileEncoding = 4; lastKnownFileType = sourcecode.c.objc; name = PomodoroController.m; path = ../PomodoroController.m; sourceTree = SOURCE_ROOT; };
		696F5C1E1051D3A30085FA8D /* PomodoroDefaults.h */ = {isa = PBXFileReference; fileEncoding = 4; lastKnownFileType = sourcecode.c.h; name = PomodoroDefaults.h; path = ../PomodoroDefaults.h; sourceTree = SOURCE_ROOT; };
		696F5C1F1051D3A30085FA8D /* PomodoroDefaults.m */ = {isa = PBXFileReference; fileEncoding = 4; lastKnownFileType = sourcecode.c.objc; name = PomodoroDefaults.m; path = ../PomodoroDefaults.m; sourceTree = SOURCE_ROOT; };
		696F5C201051D3A30085FA8D /* PomodoroStats.h */ = {isa = PBXFileReference; fileEncoding = 4; lastKnownFileType = sourcecode.c.h; name = PomodoroStats.h; path = ../PomodoroStats.h; sourceTree = SOURCE_ROOT; };
		696F5C211051D3A30085FA8D /* PomodoroStats.m */ = {isa = PBXFileReference; fileEncoding = 4; lastKnownFileType = sourcecode.c.objc; name = PomodoroStats.m; path = ../PomodoroStats.m; sourceTree = SOURCE_ROOT; };
		696F5C221051D3A30085FA8D /* StatsController.h */ = {isa = PBXFileReference; fileEncoding = 4; lastKnownFileType = sourcecode.c.h; name = StatsController.h; path = ../StatsController.h; sourceTree = SOURCE_ROOT; };
		696F5C231051D3A30085FA8D /* StatsController.m */ = {isa = PBXFileReference; fileEncoding = 4; lastKnownFileType = sourcecode.c.objc; name = StatsController.m; path = ../StatsController.m; sourceTree = SOURCE_ROOT; };
		696F5C401051D4360085FA8D /* about.html */ = {isa = PBXFileReference; fileEncoding = 4; lastKnownFileType = text.html; name = about.html; path = ../about.html; sourceTree = SOURCE_ROOT; };
		696F5C411051D4360085FA8D /* appcast.xml */ = {isa = PBXFileReference; fileEncoding = 4; lastKnownFileType = text.xml; name = appcast.xml; path = ../appcast.xml; sourceTree = SOURCE_ROOT; };
		696F5C421051D4360085FA8D /* green.png */ = {isa = PBXFileReference; lastKnownFileType = image.png; name = green.png; path = ../green.png; sourceTree = SOURCE_ROOT; };
		696F5C431051D4360085FA8D /* Pomodoro-License.txt */ = {isa = PBXFileReference; fileEncoding = 4; lastKnownFileType = text; name = "Pomodoro-License.txt"; path = "../Pomodoro-License.txt"; sourceTree = SOURCE_ROOT; };
		696F5C441051D4360085FA8D /* pomodoro.png */ = {isa = PBXFileReference; explicitFileType = image.png; name = pomodoro.png; path = ../pomodoro.png; sourceTree = "<group>"; };
		696F5C451051D4360085FA8D /* pomodoroBreak.png */ = {isa = PBXFileReference; lastKnownFileType = image.png; name = pomodoroBreak.png; path = ../pomodoroBreak.png; sourceTree = "<group>"; };
		696F5C461051D4360085FA8D /* pomodoroFreeze.png */ = {isa = PBXFileReference; lastKnownFileType = image.png; name = pomodoroFreeze.png; path = ../pomodoroFreeze.png; sourceTree = "<group>"; };
		696F5C471051D4360085FA8D /* README.txt */ = {isa = PBXFileReference; fileEncoding = 4; lastKnownFileType = text; name = README.txt; path = ../README.txt; sourceTree = SOURCE_ROOT; };
		696F5C481051D4360085FA8D /* red.png */ = {isa = PBXFileReference; lastKnownFileType = image.png; name = red.png; path = ../red.png; sourceTree = SOURCE_ROOT; };
		696F5C491051D4360085FA8D /* ReleaseNotes.txt */ = {isa = PBXFileReference; fileEncoding = 4; lastKnownFileType = text; name = ReleaseNotes.txt; path = ../ReleaseNotes.txt; sourceTree = SOURCE_ROOT; };
		696F5C4C1051D4360085FA8D /* tick.wav */ = {isa = PBXFileReference; lastKnownFileType = audio.wav; name = tick.wav; path = ../tick.wav; sourceTree = SOURCE_ROOT; };
		696F5C6A1051D51F0085FA8D /* Pomodoros.xcdatamodel */ = {isa = PBXFileReference; fileEncoding = 4; lastKnownFileType = wrapper.xcdatamodel; name = Pomodoros.xcdatamodel; path = ../Pomodoros.xcdatamodel; sourceTree = SOURCE_ROOT; };
		696F5C7C1051D6D10085FA8D /* Carbon.framework */ = {isa = PBXFileReference; lastKnownFileType = wrapper.framework; name = Carbon.framework; path = /System/Library/Frameworks/Carbon.framework; sourceTree = "<absolute>"; };
		696F5D9A1051D7200085FA8D /* libxml2.dylib */ = {isa = PBXFileReference; lastKnownFileType = "compiled.mach-o.dylib"; name = libxml2.dylib; path = /usr/lib/libxml2.dylib; sourceTree = "<absolute>"; };
		698B363B1107896600C9A667 /* dsa_pub.pem */ = {isa = PBXFileReference; fileEncoding = 4; lastKnownFileType = text; name = dsa_pub.pem; path = ../dsa_pub.pem; sourceTree = SOURCE_ROOT; };
		69D16F9A1053C1E10051AC93 /* PTHotKey.h */ = {isa = PBXFileReference; fileEncoding = 4; lastKnownFileType = sourcecode.c.h; name = PTHotKey.h; path = ../PTHotKey.h; sourceTree = SOURCE_ROOT; };
		69D16F9B1053C1E10051AC93 /* PTHotKey.m */ = {isa = PBXFileReference; fileEncoding = 4; lastKnownFileType = sourcecode.c.objc; name = PTHotKey.m; path = ../PTHotKey.m; sourceTree = SOURCE_ROOT; };
		69D16F9C1053C1E10051AC93 /* PTHotKeyCenter.h */ = {isa = PBXFileReference; fileEncoding = 4; lastKnownFileType = sourcecode.c.h; name = PTHotKeyCenter.h; path = ../PTHotKeyCenter.h; sourceTree = SOURCE_ROOT; };
		69D16F9D1053C1E10051AC93 /* PTHotKeyCenter.m */ = {isa = PBXFileReference; fileEncoding = 4; lastKnownFileType = sourcecode.c.objc; name = PTHotKeyCenter.m; path = ../PTHotKeyCenter.m; sourceTree = SOURCE_ROOT; };
		69D16F9E1053C1E10051AC93 /* PTKeyCodeTranslator.h */ = {isa = PBXFileReference; fileEncoding = 4; lastKnownFileType = sourcecode.c.h; name = PTKeyCodeTranslator.h; path = ../PTKeyCodeTranslator.h; sourceTree = SOURCE_ROOT; };
		69D16F9F1053C1E10051AC93 /* PTKeyCodeTranslator.m */ = {isa = PBXFileReference; fileEncoding = 4; lastKnownFileType = sourcecode.c.objc; name = PTKeyCodeTranslator.m; path = ../PTKeyCodeTranslator.m; sourceTree = SOURCE_ROOT; };
		69D16FA01053C1E10051AC93 /* PTKeyCombo.h */ = {isa = PBXFileReference; fileEncoding = 4; lastKnownFileType = sourcecode.c.h; name = PTKeyCombo.h; path = ../PTKeyCombo.h; sourceTree = SOURCE_ROOT; };
		69D16FA11053C1E10051AC93 /* PTKeyCombo.m */ = {isa = PBXFileReference; fileEncoding = 4; lastKnownFileType = sourcecode.c.objc; name = PTKeyCombo.m; path = ../PTKeyCombo.m; sourceTree = SOURCE_ROOT; };
		69DCEE9E1105B00400F48F37 /* icon.icns */ = {isa = PBXFileReference; lastKnownFileType = image.icns; name = icon.icns; path = ../icon.icns; sourceTree = SOURCE_ROOT; };
		69E9323D1052957F00A45035 /* ShortcutRecorder.framework */ = {isa = PBXFileReference; explicitFileType = wrapper.framework; name = ShortcutRecorder.framework; path = ../ShortcutRecorder.framework; sourceTree = SOURCE_ROOT; };
		69F206B71053185C00F77A21 /* MGTwitterEngine-License.rtf */ = {isa = PBXFileReference; lastKnownFileType = text.rtf; name = "MGTwitterEngine-License.rtf"; path = "../MGTwitterEngine-License.rtf"; sourceTree = SOURCE_ROOT; };
		69F206B81053185C00F77A21 /* ShortcutRecorder-License.txt */ = {isa = PBXFileReference; fileEncoding = 4; lastKnownFileType = text; name = "ShortcutRecorder-License.txt"; path = "../ShortcutRecorder-License.txt"; sourceTree = SOURCE_ROOT; };
		69F206B91053185C00F77A21 /* Sounds-License.txt */ = {isa = PBXFileReference; fileEncoding = 4; lastKnownFileType = text; name = "Sounds-License.txt"; path = "../Sounds-License.txt"; sourceTree = SOURCE_ROOT; };
		69F206BA1053185C00F77A21 /* Sparkle-License.txt */ = {isa = PBXFileReference; fileEncoding = 4; lastKnownFileType = text; name = "Sparkle-License.txt"; path = "../Sparkle-License.txt"; sourceTree = SOURCE_ROOT; };
		69F206D51053199900F77A21 /* BGHUDAppKit-License.txt */ = {isa = PBXFileReference; fileEncoding = 4; lastKnownFileType = text; name = "BGHUDAppKit-License.txt"; path = "../BGHUDAppKit-License.txt"; sourceTree = SOURCE_ROOT; };
		69F206DF10531B9500F77A21 /* Growl-License.txt */ = {isa = PBXFileReference; fileEncoding = 4; lastKnownFileType = text; name = "Growl-License.txt"; path = "../Growl-License.txt"; sourceTree = SOURCE_ROOT; };
		69F206F61053222B00F77A21 /* ring.wav */ = {isa = PBXFileReference; lastKnownFileType = audio.wav; name = ring.wav; path = ../ring.wav; sourceTree = SOURCE_ROOT; };
		69F2075B1053347200F77A21 /* SystemUIPlugin.h */ = {isa = PBXFileReference; fileEncoding = 4; lastKnownFileType = sourcecode.c.h; name = SystemUIPlugin.h; path = ../SystemUIPlugin.h; sourceTree = SOURCE_ROOT; };
		69F20769105335B600F77A21 /* SystemUIPlugin.framework */ = {isa = PBXFileReference; lastKnownFileType = wrapper.framework; name = SystemUIPlugin.framework; path = /System/Library/PrivateFrameworks/SystemUIPlugin.framework; sourceTree = "<absolute>"; };
		69F2077F10533B7300F77A21 /* PomodoroMenuExtra.h */ = {isa = PBXFileReference; fileEncoding = 4; lastKnownFileType = sourcecode.c.h; path = PomodoroMenuExtra.h; sourceTree = "<group>"; };
		69F2078010533B7300F77A21 /* PomodoroMenuExtra.m */ = {isa = PBXFileReference; fileEncoding = 4; lastKnownFileType = sourcecode.c.objc; path = PomodoroMenuExtra.m; sourceTree = "<group>"; };
		69F2078210533B9300F77A21 /* PomodoroMenuExtraView.h */ = {isa = PBXFileReference; fileEncoding = 4; lastKnownFileType = sourcecode.c.h; path = PomodoroMenuExtraView.h; sourceTree = "<group>"; };
		69F2078310533B9300F77A21 /* PomodoroMenuExtraView.m */ = {isa = PBXFileReference; fileEncoding = 4; lastKnownFileType = sourcecode.c.objc; path = PomodoroMenuExtraView.m; sourceTree = "<group>"; };
		69FE2FCF1105E82700A1D711 /* Sparkle.framework */ = {isa = PBXFileReference; lastKnownFileType = wrapper.framework; name = Sparkle.framework; path = ../Sparkle.framework; sourceTree = SOURCE_ROOT; };
		69FE30CD1105F11000A1D711 /* BGHUDAppKit.framework */ = {isa = PBXFileReference; explicitFileType = wrapper.framework; name = BGHUDAppKit.framework; path = ../BGHUDAppKit.framework; sourceTree = SOURCE_ROOT; };
		69FE30E211065F2200A1D711 /* pomodoro_n.png */ = {isa = PBXFileReference; lastKnownFileType = image.png; name = pomodoro_n.png; path = ../pomodoro_n.png; sourceTree = "<group>"; };
		69FE30E311065F2200A1D711 /* pomodoroBreak_n.png */ = {isa = PBXFileReference; lastKnownFileType = image.png; name = pomodoroBreak_n.png; path = ../pomodoroBreak_n.png; sourceTree = "<group>"; };
		69FE30E411065F2200A1D711 /* pomodoroFreeze_n.png */ = {isa = PBXFileReference; lastKnownFileType = image.png; name = pomodoroFreeze_n.png; path = ../pomodoroFreeze_n.png; sourceTree = "<group>"; };
		69FE31231106626A00A1D711 /* twitter.png */ = {isa = PBXFileReference; lastKnownFileType = image.png; name = twitter.png; path = ../twitter.png; sourceTree = SOURCE_ROOT; };
		8D1107310486CEB800E47090 /* pomodoro-Info.plist */ = {isa = PBXFileReference; fileEncoding = 4; lastKnownFileType = text.plist.xml; path = "pomodoro-Info.plist"; sourceTree = "<group>"; };
		8D1107320486CEB800E47090 /* pomodoro.app */ = {isa = PBXFileReference; explicitFileType = wrapper.application; includeInIndex = 0; path = pomodoro.app; sourceTree = BUILT_PRODUCTS_DIR; };
		B4068CCC12265EC00043723D /* TagsController.h */ = {isa = PBXFileReference; fileEncoding = 4; lastKnownFileType = sourcecode.c.h; path = TagsController.h; sourceTree = "<group>"; };
		B4068CCD12265EC00043723D /* TagsController.m */ = {isa = PBXFileReference; fileEncoding = 4; lastKnownFileType = sourcecode.c.objc; path = TagsController.m; sourceTree = "<group>"; };
		B4068DB0122693250043723D /* UnitTest-Info.plist */ = {isa = PBXFileReference; lastKnownFileType = text.plist.xml; path = "UnitTest-Info.plist"; sourceTree = "<group>"; };
		B4068DB5122693870043723D /* TagsManagementSpec.h */ = {isa = PBXFileReference; fileEncoding = 4; lastKnownFileType = sourcecode.c.h; name = TagsManagementSpec.h; path = ../UnitTest/TagsManagementSpec.h; sourceTree = SOURCE_ROOT; };
		B4068DB6122693870043723D /* TagsManagementSpec.m */ = {isa = PBXFileReference; fileEncoding = 4; lastKnownFileType = sourcecode.c.objc; name = TagsManagementSpec.m; path = ../UnitTest/TagsManagementSpec.m; sourceTree = SOURCE_ROOT; };
		B4068DE81226950D0043723D /* Cocoa.framework */ = {isa = PBXFileReference; lastKnownFileType = wrapper.framework; name = Cocoa.framework; path = System/Library/Frameworks/Cocoa.framework; sourceTree = SDKROOT; };
		B4068DEC122695370043723D /* Carbon.framework */ = {isa = PBXFileReference; lastKnownFileType = wrapper.framework; name = Carbon.framework; path = System/Library/Frameworks/Carbon.framework; sourceTree = SDKROOT; };
		B4068DEE122695370043723D /* libxml2.dylib */ = {isa = PBXFileReference; lastKnownFileType = "compiled.mach-o.dylib"; name = libxml2.dylib; path = usr/lib/libxml2.dylib; sourceTree = SDKROOT; };
		B4068EB312269BB10043723D /* TagsSpec.h */ = {isa = PBXFileReference; fileEncoding = 4; lastKnownFileType = sourcecode.c.h; name = TagsSpec.h; path = ../UnitTest/TagsSpec.h; sourceTree = SOURCE_ROOT; };
		B4068EB412269BB10043723D /* TagsSpec.m */ = {isa = PBXFileReference; fileEncoding = 4; lastKnownFileType = sourcecode.c.objc; name = TagsSpec.m; path = ../UnitTest/TagsSpec.m; sourceTree = SOURCE_ROOT; };
		B406902F1226A2880043723D /* FakeUnitTest-Info.plist */ = {isa = PBXFileReference; lastKnownFileType = text.plist.xml; path = "FakeUnitTest-Info.plist"; sourceTree = "<group>"; };
		B41978EB1226AAD100B59CCA /* UnitTest.octest */ = {isa = PBXFileReference; explicitFileType = wrapper.cfbundle; includeInIndex = 0; path = UnitTest.octest; sourceTree = BUILT_PRODUCTS_DIR; };
		B41978F41226AB0E00B59CCA /* ProvaScenario.h */ = {isa = PBXFileReference; fileEncoding = 4; lastKnownFileType = sourcecode.c.h; path = ProvaScenario.h; sourceTree = "<group>"; };
		B41978F51226AB0E00B59CCA /* ProvaScenario.m */ = {isa = PBXFileReference; fileEncoding = 4; lastKnownFileType = sourcecode.c.objc; path = ProvaScenario.m; sourceTree = "<group>"; };
		B4197A5A1226BB1500B59CCA /* h.template */ = {isa = PBXFileReference; fileEncoding = 4; lastKnownFileType = text; name = h.template; path = ../SenTestingKit/h.template; sourceTree = SOURCE_ROOT; };
		B4197A5B1226BB1500B59CCA /* m.template */ = {isa = PBXFileReference; fileEncoding = 4; lastKnownFileType = text; name = m.template; path = ../SenTestingKit/m.template; sourceTree = SOURCE_ROOT; };
		B4197A5C1226BB1500B59CCA /* NSException_SenTestFailure.h */ = {isa = PBXFileReference; fileEncoding = 4; lastKnownFileType = sourcecode.c.h; name = NSException_SenTestFailure.h; path = ../SenTestingKit/NSException_SenTestFailure.h; sourceTree = SOURCE_ROOT; };
		B4197A5D1226BB1500B59CCA /* NSException_SenTestFailure.m */ = {isa = PBXFileReference; fileEncoding = 4; lastKnownFileType = sourcecode.c.objc; name = NSException_SenTestFailure.m; path = ../SenTestingKit/NSException_SenTestFailure.m; sourceTree = SOURCE_ROOT; };
		B4197A5E1226BB1500B59CCA /* NSInvocation_SenTesting.h */ = {isa = PBXFileReference; fileEncoding = 4; lastKnownFileType = sourcecode.c.h; name = NSInvocation_SenTesting.h; path = ../SenTestingKit/NSInvocation_SenTesting.h; sourceTree = SOURCE_ROOT; };
		B4197A5F1226BB1500B59CCA /* NSInvocation_SenTesting.m */ = {isa = PBXFileReference; fileEncoding = 4; lastKnownFileType = sourcecode.c.objc; name = NSInvocation_SenTesting.m; path = ../SenTestingKit/NSInvocation_SenTesting.m; sourceTree = SOURCE_ROOT; };
		B4197A601226BB1500B59CCA /* NSObject_SenTestRuntimeUtilities.h */ = {isa = PBXFileReference; fileEncoding = 4; lastKnownFileType = sourcecode.c.h; name = NSObject_SenTestRuntimeUtilities.h; path = ../SenTestingKit/NSObject_SenTestRuntimeUtilities.h; sourceTree = SOURCE_ROOT; };
		B4197A611226BB1500B59CCA /* NSObject_SenTestRuntimeUtilities.m */ = {isa = PBXFileReference; fileEncoding = 4; lastKnownFileType = sourcecode.c.objc; name = NSObject_SenTestRuntimeUtilities.m; path = ../SenTestingKit/NSObject_SenTestRuntimeUtilities.m; sourceTree = SOURCE_ROOT; };
		B4197A621226BB1500B59CCA /* OpenSourceLicense.html */ = {isa = PBXFileReference; fileEncoding = 4; lastKnownFileType = text.html; name = OpenSourceLicense.html; path = ../SenTestingKit/OpenSourceLicense.html; sourceTree = SOURCE_ROOT; };
		B4197A631226BB1500B59CCA /* PB.project */ = {isa = PBXFileReference; fileEncoding = 4; lastKnownFileType = text; name = PB.project; path = ../SenTestingKit/PB.project; sourceTree = SOURCE_ROOT; };
		B4197A641226BB1500B59CCA /* SenInterfaceTestCase.h */ = {isa = PBXFileReference; fileEncoding = 4; lastKnownFileType = sourcecode.c.h; name = SenInterfaceTestCase.h; path = ../SenTestingKit/SenInterfaceTestCase.h; sourceTree = SOURCE_ROOT; };
		B4197A651226BB1500B59CCA /* SenInterfaceTestCase.m */ = {isa = PBXFileReference; fileEncoding = 4; lastKnownFileType = sourcecode.c.objc; name = SenInterfaceTestCase.m; path = ../SenTestingKit/SenInterfaceTestCase.m; sourceTree = SOURCE_ROOT; };
		B4197A661226BB1500B59CCA /* sente.gif */ = {isa = PBXFileReference; lastKnownFileType = image.gif; name = sente.gif; path = ../SenTestingKit/sente.gif; sourceTree = SOURCE_ROOT; };
		B4197A671226BB1500B59CCA /* SenTest.h */ = {isa = PBXFileReference; fileEncoding = 4; lastKnownFileType = sourcecode.c.h; name = SenTest.h; path = ../SenTestingKit/SenTest.h; sourceTree = SOURCE_ROOT; };
		B4197A681226BB1500B59CCA /* SenTest.m */ = {isa = PBXFileReference; fileEncoding = 4; lastKnownFileType = sourcecode.c.objc; name = SenTest.m; path = ../SenTestingKit/SenTest.m; sourceTree = SOURCE_ROOT; };
		B4197A691226BB1500B59CCA /* SenTestCase_Macros.h */ = {isa = PBXFileReference; fileEncoding = 4; lastKnownFileType = sourcecode.c.h; name = SenTestCase_Macros.h; path = ../SenTestingKit/SenTestCase_Macros.h; sourceTree = SOURCE_ROOT; };
		B4197A6A1226BB1500B59CCA /* SenTestCase.h */ = {isa = PBXFileReference; fileEncoding = 4; lastKnownFileType = sourcecode.c.h; name = SenTestCase.h; path = ../SenTestingKit/SenTestCase.h; sourceTree = SOURCE_ROOT; };
		B4197A6B1226BB1500B59CCA /* SenTestCase.m */ = {isa = PBXFileReference; fileEncoding = 4; lastKnownFileType = sourcecode.c.objc; name = SenTestCase.m; path = ../SenTestingKit/SenTestCase.m; sourceTree = SOURCE_ROOT; };
		B4197A6C1226BB1500B59CCA /* SenTestCaseRun.h */ = {isa = PBXFileReference; fileEncoding = 4; lastKnownFileType = sourcecode.c.h; name = SenTestCaseRun.h; path = ../SenTestingKit/SenTestCaseRun.h; sourceTree = SOURCE_ROOT; };
		B4197A6D1226BB1500B59CCA /* SenTestCaseRun.m */ = {isa = PBXFileReference; fileEncoding = 4; lastKnownFileType = sourcecode.c.objc; name = SenTestCaseRun.m; path = ../SenTestingKit/SenTestCaseRun.m; sourceTree = SOURCE_ROOT; };
		B4197A6E1226BB1500B59CCA /* SenTestClassEnumerator.h */ = {isa = PBXFileReference; fileEncoding = 4; lastKnownFileType = sourcecode.c.h; name = SenTestClassEnumerator.h; path = ../SenTestingKit/SenTestClassEnumerator.h; sourceTree = SOURCE_ROOT; };
		B4197A6F1226BB1500B59CCA /* SenTestClassEnumerator.m */ = {isa = PBXFileReference; fileEncoding = 4; lastKnownFileType = sourcecode.c.objc; name = SenTestClassEnumerator.m; path = ../SenTestingKit/SenTestClassEnumerator.m; sourceTree = SOURCE_ROOT; };
		B4197A701226BB1500B59CCA /* SenTestDefines.h */ = {isa = PBXFileReference; fileEncoding = 4; lastKnownFileType = sourcecode.c.h; name = SenTestDefines.h; path = ../SenTestingKit/SenTestDefines.h; sourceTree = SOURCE_ROOT; };
		B4197A711226BB1500B59CCA /* SenTestDistributedNotifier.h */ = {isa = PBXFileReference; fileEncoding = 4; lastKnownFileType = sourcecode.c.h; name = SenTestDistributedNotifier.h; path = ../SenTestingKit/SenTestDistributedNotifier.h; sourceTree = SOURCE_ROOT; };
		B4197A721226BB1500B59CCA /* SenTestDistributedNotifier.m */ = {isa = PBXFileReference; fileEncoding = 4; lastKnownFileType = sourcecode.c.objc; name = SenTestDistributedNotifier.m; path = ../SenTestingKit/SenTestDistributedNotifier.m; sourceTree = SOURCE_ROOT; };
		B4197A731226BB1500B59CCA /* SenTestingKit_Prefix.pch */ = {isa = PBXFileReference; fileEncoding = 4; lastKnownFileType = sourcecode.c.h; name = SenTestingKit_Prefix.pch; path = ../SenTestingKit/SenTestingKit_Prefix.pch; sourceTree = SOURCE_ROOT; };
		B4197A741226BB1500B59CCA /* SenTestingKit.h */ = {isa = PBXFileReference; fileEncoding = 4; lastKnownFileType = sourcecode.c.h; name = SenTestingKit.h; path = ../SenTestingKit/SenTestingKit.h; sourceTree = SOURCE_ROOT; };
		B4197A751226BB1500B59CCA /* SenTestingKit.xcode */ = {isa = PBXFileReference; lastKnownFileType = "wrapper.pb-project"; name = SenTestingKit.xcode; path = ../SenTestingKit/SenTestingKit.xcode; sourceTree = SOURCE_ROOT; };
		B4197A781226BB1500B59CCA /* SenTestingUtilities.h */ = {isa = PBXFileReference; fileEncoding = 4; lastKnownFileType = sourcecode.c.h; name = SenTestingUtilities.h; path = ../SenTestingKit/SenTestingUtilities.h; sourceTree = SOURCE_ROOT; };
		B4197A791226BB1500B59CCA /* SenTestingUtilities.m */ = {isa = PBXFileReference; fileEncoding = 4; lastKnownFileType = sourcecode.c.objc; name = SenTestingUtilities.m; path = ../SenTestingKit/SenTestingUtilities.m; sourceTree = SOURCE_ROOT; };
		B4197A7A1226BB1500B59CCA /* SenTestInvocationEnumerator.h */ = {isa = PBXFileReference; fileEncoding = 4; lastKnownFileType = sourcecode.c.h; name = SenTestInvocationEnumerator.h; path = ../SenTestingKit/SenTestInvocationEnumerator.h; sourceTree = SOURCE_ROOT; };
		B4197A7B1226BB1500B59CCA /* SenTestInvocationEnumerator.m */ = {isa = PBXFileReference; fileEncoding = 4; lastKnownFileType = sourcecode.c.objc; name = SenTestInvocationEnumerator.m; path = ../SenTestingKit/SenTestInvocationEnumerator.m; sourceTree = SOURCE_ROOT; };
		B4197A7C1226BB1500B59CCA /* SenTestLog.h */ = {isa = PBXFileReference; fileEncoding = 4; lastKnownFileType = sourcecode.c.h; name = SenTestLog.h; path = ../SenTestingKit/SenTestLog.h; sourceTree = SOURCE_ROOT; };
		B4197A7D1226BB1500B59CCA /* SenTestLog.m */ = {isa = PBXFileReference; fileEncoding = 4; lastKnownFileType = sourcecode.c.objc; name = SenTestLog.m; path = ../SenTestingKit/SenTestLog.m; sourceTree = SOURCE_ROOT; };
		B4197A7E1226BB1500B59CCA /* SenTestObserver.h */ = {isa = PBXFileReference; fileEncoding = 4; lastKnownFileType = sourcecode.c.h; name = SenTestObserver.h; path = ../SenTestingKit/SenTestObserver.h; sourceTree = SOURCE_ROOT; };
		B4197A7F1226BB1500B59CCA /* SenTestObserver.m */ = {isa = PBXFileReference; fileEncoding = 4; lastKnownFileType = sourcecode.c.objc; name = SenTestObserver.m; path = ../SenTestingKit/SenTestObserver.m; sourceTree = SOURCE_ROOT; };
		B4197A801226BB1500B59CCA /* SenTestProbe.h */ = {isa = PBXFileReference; fileEncoding = 4; lastKnownFileType = sourcecode.c.h; name = SenTestProbe.h; path = ../SenTestingKit/SenTestProbe.h; sourceTree = SOURCE_ROOT; };
		B4197A811226BB1500B59CCA /* SenTestProbe.m */ = {isa = PBXFileReference; fileEncoding = 4; lastKnownFileType = sourcecode.c.objc; name = SenTestProbe.m; path = ../SenTestingKit/SenTestProbe.m; sourceTree = SOURCE_ROOT; };
		B4197A821226BB1500B59CCA /* SenTestRun.h */ = {isa = PBXFileReference; fileEncoding = 4; lastKnownFileType = sourcecode.c.h; name = SenTestRun.h; path = ../SenTestingKit/SenTestRun.h; sourceTree = SOURCE_ROOT; };
		B4197A831226BB1500B59CCA /* SenTestRun.m */ = {isa = PBXFileReference; fileEncoding = 4; lastKnownFileType = sourcecode.c.objc; name = SenTestRun.m; path = ../SenTestingKit/SenTestRun.m; sourceTree = SOURCE_ROOT; };
		B4197A841226BB1500B59CCA /* SenTestSuite.h */ = {isa = PBXFileReference; fileEncoding = 4; lastKnownFileType = sourcecode.c.h; name = SenTestSuite.h; path = ../SenTestingKit/SenTestSuite.h; sourceTree = SOURCE_ROOT; };
		B4197A851226BB1500B59CCA /* SenTestSuite.m */ = {isa = PBXFileReference; fileEncoding = 4; lastKnownFileType = sourcecode.c.objc; name = SenTestSuite.m; path = ../SenTestingKit/SenTestSuite.m; sourceTree = SOURCE_ROOT; };
		B4197A861226BB1500B59CCA /* SenTestSuiteRun.h */ = {isa = PBXFileReference; fileEncoding = 4; lastKnownFileType = sourcecode.c.h; name = SenTestSuiteRun.h; path = ../SenTestingKit/SenTestSuiteRun.h; sourceTree = SOURCE_ROOT; };
		B4197A871226BB1500B59CCA /* SenTestSuiteRun.m */ = {isa = PBXFileReference; fileEncoding = 4; lastKnownFileType = sourcecode.c.objc; name = SenTestSuiteRun.m; path = ../SenTestingKit/SenTestSuiteRun.m; sourceTree = SOURCE_ROOT; };
		B4197AB81226BE4200B59CCA /* PPP-Info.plist */ = {isa = PBXFileReference; lastKnownFileType = text.plist.xml; path = "PPP-Info.plist"; sourceTree = "<group>"; };
		B44B5D9D12280AF900AA52A1 /* libsqlite3.dylib */ = {isa = PBXFileReference; lastKnownFileType = "compiled.mach-o.dylib"; name = libsqlite3.dylib; path = usr/lib/libsqlite3.dylib; sourceTree = SDKROOT; };
/* End PBXFileReference section */

/* Begin PBXFrameworksBuildPhase section */
		8D11072E0486CEB800E47090 /* Frameworks */ = {
			isa = PBXFrameworksBuildPhase;
			buildActionMask = 2147483647;
			files = (
				8D11072F0486CEB800E47090 /* Cocoa.framework in Frameworks */,
				696F5C7D1051D6D10085FA8D /* Carbon.framework in Frameworks */,
				696F5D9B1051D7200085FA8D /* libxml2.dylib in Frameworks */,
				69E9323E1052957F00A45035 /* ShortcutRecorder.framework in Frameworks */,
				69F2076A105335B600F77A21 /* SystemUIPlugin.framework in Frameworks */,
				69FE2FD01105E82700A1D711 /* Sparkle.framework in Frameworks */,
				69FE30CE1105F11000A1D711 /* BGHUDAppKit.framework in Frameworks */,
				46D8B63011BF0EBE00F59321 /* Growl.framework in Frameworks */,
				B44B5D9E12280AF900AA52A1 /* libsqlite3.dylib in Frameworks */,
			);
			runOnlyForDeploymentPostprocessing = 0;
		};
		B41978E81226AAD100B59CCA /* Frameworks */ = {
			isa = PBXFrameworksBuildPhase;
			buildActionMask = 2147483647;
			files = (
				B4197A251226AC3600B59CCA /* Cocoa.framework in Frameworks */,
				B4197A261226AC3600B59CCA /* Carbon.framework in Frameworks */,
				B41979471226AC1D00B59CCA /* Sparkle.framework in Frameworks */,
				B419793A1226ABFB00B59CCA /* ShortcutRecorder.framework in Frameworks */,
				B419792F1226ABE800B59CCA /* SystemUIPlugin.framework in Frameworks */,
				B419792A1226ABA000B59CCA /* libxml2.dylib in Frameworks */,
				B41979271226AB8E00B59CCA /* Growl.framework in Frameworks */,
			);
			runOnlyForDeploymentPostprocessing = 0;
		};
/* End PBXFrameworksBuildPhase section */

/* Begin PBXGroup section */
		080E96DDFE201D6D7F000001 /* Classes */ = {
			isa = PBXGroup;
			children = (
				B4068DB41226933C0043723D /* UnitTest */,
				69D16F8C1053C1670051AC93 /* PTHotKey */,
				69F2075A1053340300F77A21 /* NSMenuExtra */,
				696F5C3F1051D3FA0085FA8D /* Pomodoro */,
				696F5C3E1051D3F00085FA8D /* Helper */,
				696F5C3D1051D3E60085FA8D /* Controller */,
				696F5C3C1051D3CB0085FA8D /* MGTwitterEngine */,
			);
			name = Classes;
			sourceTree = "<group>";
		};
		1058C7A0FEA54F0111CA2CBB /* Linked Frameworks */ = {
			isa = PBXGroup;
			children = (
				696F5C7C1051D6D10085FA8D /* Carbon.framework */,
				1058C7A1FEA54F0111CA2CBB /* Cocoa.framework */,
				69F20769105335B600F77A21 /* SystemUIPlugin.framework */,
			);
			name = "Linked Frameworks";
			sourceTree = "<group>";
		};
		1058C7A2FEA54F0111CA2CBB /* Other Frameworks */ = {
			isa = PBXGroup;
			children = (
				46D8B62F11BF0EBE00F59321 /* Growl.framework */,
				69E9323D1052957F00A45035 /* ShortcutRecorder.framework */,
				69FE30CD1105F11000A1D711 /* BGHUDAppKit.framework */,
				69FE2FCF1105E82700A1D711 /* Sparkle.framework */,
				696F5D9A1051D7200085FA8D /* libxml2.dylib */,
				29B97324FDCFA39411CA2CEA /* AppKit.framework */,
				13E42FB307B3F0F600E4EEF1 /* CoreData.framework */,
				29B97325FDCFA39411CA2CEA /* Foundation.framework */,
				B44B5D9D12280AF900AA52A1 /* libsqlite3.dylib */,
			);
			name = "Other Frameworks";
			sourceTree = "<group>";
		};
		19C28FACFE9D520D11CA2CBB /* Products */ = {
			isa = PBXGroup;
			children = (
				8D1107320486CEB800E47090 /* pomodoro.app */,
				B41978EB1226AAD100B59CCA /* UnitTest.octest */,
			);
			name = Products;
			sourceTree = "<group>";
		};
		29B97314FDCFA39411CA2CEA /* pomodoro */ = {
			isa = PBXGroup;
			children = (
				B4197A591226BAD800B59CCA /* OCUnit */,
				080E96DDFE201D6D7F000001 /* Classes */,
				29B97315FDCFA39411CA2CEA /* Other Sources */,
				29B97317FDCFA39411CA2CEA /* Resources */,
				29B97323FDCFA39411CA2CEA /* Frameworks */,
				19C28FACFE9D520D11CA2CBB /* Products */,
				B41978F41226AB0E00B59CCA /* ProvaScenario.h */,
				B41978F51226AB0E00B59CCA /* ProvaScenario.m */,
				B4068DB0122693250043723D /* UnitTest-Info.plist */,
				B4068DE81226950D0043723D /* Cocoa.framework */,
				B4068DEC122695370043723D /* Carbon.framework */,
				B4068DEE122695370043723D /* libxml2.dylib */,
				B4068EB312269BB10043723D /* TagsSpec.h */,
				B4068EB412269BB10043723D /* TagsSpec.m */,
				B406902F1226A2880043723D /* FakeUnitTest-Info.plist */,
				B4197AB81226BE4200B59CCA /* PPP-Info.plist */,
			);
			name = pomodoro;
			sourceTree = "<group>";
		};
		29B97315FDCFA39411CA2CEA /* Other Sources */ = {
			isa = PBXGroup;
			children = (
				256AC3F00F4B6AF500CF3369 /* pomodoro_Prefix.pch */,
				29B97316FDCFA39411CA2CEA /* main.m */,
			);
			name = "Other Sources";
			sourceTree = "<group>";
		};
		29B97317FDCFA39411CA2CEA /* Resources */ = {
			isa = PBXGroup;
			children = (
				698B363B1107896600C9A667 /* dsa_pub.pem */,
				69E934881052B94D00A45035 /* README */,
				69E934811052B8F600A45035 /* Xibs */,
				69E934801052B8E200A45035 /* Sounds */,
				69E9347F1052B8B800A45035 /* Images */,
				69E934771052B89100A45035 /* Licenses */,
				696F5C411051D4360085FA8D /* appcast.xml */,
				8D1107310486CEB800E47090 /* pomodoro-Info.plist */,
				089C165CFE840E0CC02AAC07 /* InfoPlist.strings */,
			);
			name = Resources;
			sourceTree = "<group>";
		};
		29B97323FDCFA39411CA2CEA /* Frameworks */ = {
			isa = PBXGroup;
			children = (
				1058C7A0FEA54F0111CA2CBB /* Linked Frameworks */,
				1058C7A2FEA54F0111CA2CBB /* Other Frameworks */,
			);
			name = Frameworks;
			sourceTree = "<group>";
		};
		696F5C3C1051D3CB0085FA8D /* MGTwitterEngine */ = {
			isa = PBXGroup;
			children = (
				696F5C141051D3A30085FA8D /* NSData+Base64.h */,
				696F5C151051D3A30085FA8D /* NSData+Base64.m */,
				696F5C161051D3A30085FA8D /* NSString+UUID.h */,
				696F5C171051D3A30085FA8D /* NSString+UUID.m */,
				696F5BF81051D3A30085FA8D /* MGTwitterEngine.h */,
				696F5BF91051D3A30085FA8D /* MGTwitterEngine.m */,
				696F5BFA1051D3A30085FA8D /* MGTwitterEngineDelegate.h */,
				696F5BFB1051D3A30085FA8D /* MGTwitterEngineGlobalHeader.h */,
				696F5BFC1051D3A30085FA8D /* MGTwitterHTTPURLConnection.h */,
				696F5BFD1051D3A30085FA8D /* MGTwitterHTTPURLConnection.m */,
				696F5BFE1051D3A30085FA8D /* MGTwitterLibXMLParser.h */,
				696F5BFF1051D3A30085FA8D /* MGTwitterLibXMLParser.m */,
				696F5C001051D3A30085FA8D /* MGTwitterMessagesLibXMLParser.h */,
				696F5C011051D3A30085FA8D /* MGTwitterMessagesLibXMLParser.m */,
				696F5C021051D3A30085FA8D /* MGTwitterMessagesParser.h */,
				696F5C031051D3A30085FA8D /* MGTwitterMessagesParser.m */,
				696F5C041051D3A30085FA8D /* MGTwitterMiscLibXMLParser.h */,
				696F5C051051D3A30085FA8D /* MGTwitterMiscLibXMLParser.m */,
				696F5C061051D3A30085FA8D /* MGTwitterMiscParser.h */,
				696F5C071051D3A30085FA8D /* MGTwitterMiscParser.m */,
				696F5C081051D3A30085FA8D /* MGTwitterParserDelegate.h */,
				696F5C091051D3A30085FA8D /* MGTwitterRequestTypes.h */,
				696F5C0A1051D3A30085FA8D /* MGTwitterStatusesLibXMLParser.h */,
				696F5C0B1051D3A30085FA8D /* MGTwitterStatusesLibXMLParser.m */,
				696F5C0C1051D3A30085FA8D /* MGTwitterStatusesParser.h */,
				696F5C0D1051D3A30085FA8D /* MGTwitterStatusesParser.m */,
				696F5C0E1051D3A30085FA8D /* MGTwitterUsersLibXMLParser.h */,
				696F5C0F1051D3A30085FA8D /* MGTwitterUsersLibXMLParser.m */,
				696F5C101051D3A30085FA8D /* MGTwitterUsersParser.h */,
				696F5C111051D3A30085FA8D /* MGTwitterUsersParser.m */,
				696F5C121051D3A30085FA8D /* MGTwitterXMLParser.h */,
				696F5C131051D3A30085FA8D /* MGTwitterXMLParser.m */,
			);
			name = MGTwitterEngine;
			sourceTree = "<group>";
		};
		696F5C3D1051D3E60085FA8D /* Controller */ = {
			isa = PBXGroup;
			children = (
				696F5C1C1051D3A30085FA8D /* PomodoroController.h */,
				696F5C1D1051D3A30085FA8D /* PomodoroController.m */,
				696F5C221051D3A30085FA8D /* StatsController.h */,
				696F5C231051D3A30085FA8D /* StatsController.m */,
				696F5C1A1051D3A30085FA8D /* PomodoroArrayController.h */,
				696F5C1B1051D3A30085FA8D /* PomodoroArrayController.m */,
				696F5BF01051D3A30085FA8D /* AboutController.h */,
				696F5BF11051D3A30085FA8D /* AboutController.m */,
				B4068CCC12265EC00043723D /* TagsController.h */,
				B4068CCD12265EC00043723D /* TagsController.m */,
			);
			name = Controller;
			sourceTree = "<group>";
		};
		696F5C3E1051D3F00085FA8D /* Helper */ = {
			isa = PBXGroup;
			children = (
				696F5BF41051D3A30085FA8D /* DurationFormatter.h */,
				696F5BF51051D3A30085FA8D /* DurationFormatter.m */,
				696F5BF61051D3A30085FA8D /* GrowlNotifier.h */,
				696F5BF71051D3A30085FA8D /* GrowlNotifier.m */,
				696F5BF21051D3A30085FA8D /* Binder.h */,
				696F5BF31051D3A30085FA8D /* Binder.m */,
				696F5C1E1051D3A30085FA8D /* PomodoroDefaults.h */,
				696F5C1F1051D3A30085FA8D /* PomodoroDefaults.m */,
			);
			name = Helper;
			sourceTree = "<group>";
		};
		696F5C3F1051D3FA0085FA8D /* Pomodoro */ = {
			isa = PBXGroup;
			children = (
				696F5C6A1051D51F0085FA8D /* Pomodoros.xcdatamodel */,
				696F5C211051D3A30085FA8D /* PomodoroStats.m */,
				696F5C201051D3A30085FA8D /* PomodoroStats.h */,
				696F5C191051D3A30085FA8D /* Pomodoro.m */,
				696F5C181051D3A30085FA8D /* Pomodoro.h */,
			);
			name = Pomodoro;
			sourceTree = "<group>";
		};
		69D16F8C1053C1670051AC93 /* PTHotKey */ = {
			isa = PBXGroup;
			children = (
				69D16F9A1053C1E10051AC93 /* PTHotKey.h */,
				69D16F9B1053C1E10051AC93 /* PTHotKey.m */,
				69D16F9C1053C1E10051AC93 /* PTHotKeyCenter.h */,
				69D16F9D1053C1E10051AC93 /* PTHotKeyCenter.m */,
				69D16F9E1053C1E10051AC93 /* PTKeyCodeTranslator.h */,
				69D16F9F1053C1E10051AC93 /* PTKeyCodeTranslator.m */,
				69D16FA01053C1E10051AC93 /* PTKeyCombo.h */,
				69D16FA11053C1E10051AC93 /* PTKeyCombo.m */,
			);
			name = PTHotKey;
			sourceTree = "<group>";
		};
		69E934771052B89100A45035 /* Licenses */ = {
			isa = PBXGroup;
			children = (
				69F206DF10531B9500F77A21 /* Growl-License.txt */,
				69F206D51053199900F77A21 /* BGHUDAppKit-License.txt */,
				69F206B71053185C00F77A21 /* MGTwitterEngine-License.rtf */,
				69F206B81053185C00F77A21 /* ShortcutRecorder-License.txt */,
				69F206B91053185C00F77A21 /* Sounds-License.txt */,
				69F206BA1053185C00F77A21 /* Sparkle-License.txt */,
				696F5C431051D4360085FA8D /* Pomodoro-License.txt */,
			);
			name = Licenses;
			sourceTree = "<group>";
		};
		69E9347F1052B8B800A45035 /* Images */ = {
			isa = PBXGroup;
			children = (
				69FE31231106626A00A1D711 /* twitter.png */,
				69FE30E211065F2200A1D711 /* pomodoro_n.png */,
				69FE30E311065F2200A1D711 /* pomodoroBreak_n.png */,
				69FE30E411065F2200A1D711 /* pomodoroFreeze_n.png */,
				69DCEE9E1105B00400F48F37 /* icon.icns */,
				696F5C441051D4360085FA8D /* pomodoro.png */,
				696F5C461051D4360085FA8D /* pomodoroFreeze.png */,
				696F5C451051D4360085FA8D /* pomodoroBreak.png */,
				696F5C421051D4360085FA8D /* green.png */,
				696F5C481051D4360085FA8D /* red.png */,
			);
			name = Images;
			sourceTree = "<group>";
		};
		69E934801052B8E200A45035 /* Sounds */ = {
			isa = PBXGroup;
			children = (
				69F206F61053222B00F77A21 /* ring.wav */,
				696F5C4C1051D4360085FA8D /* tick.wav */,
			);
			name = Sounds;
			sourceTree = "<group>";
		};
		69E934811052B8F600A45035 /* Xibs */ = {
			isa = PBXGroup;
			children = (
				696F5BEC1051D32E0085FA8D /* Stats.xib */,
				696F5BEB1051D32E0085FA8D /* MainMenu.xib */,
				696F5BEA1051D32E0085FA8D /* About.xib */,
				696F5C401051D4360085FA8D /* about.html */,
			);
			name = Xibs;
			sourceTree = "<group>";
		};
		69E934881052B94D00A45035 /* README */ = {
			isa = PBXGroup;
			children = (
				696F5C491051D4360085FA8D /* ReleaseNotes.txt */,
				696F5C471051D4360085FA8D /* README.txt */,
			);
			name = README;
			sourceTree = "<group>";
		};
		69F2075A1053340300F77A21 /* NSMenuExtra */ = {
			isa = PBXGroup;
			children = (
				69F2075B1053347200F77A21 /* SystemUIPlugin.h */,
				69F2077F10533B7300F77A21 /* PomodoroMenuExtra.h */,
				69F2078010533B7300F77A21 /* PomodoroMenuExtra.m */,
				69F2078210533B9300F77A21 /* PomodoroMenuExtraView.h */,
				69F2078310533B9300F77A21 /* PomodoroMenuExtraView.m */,
			);
			name = NSMenuExtra;
			sourceTree = "<group>";
		};
		B4068DB41226933C0043723D /* UnitTest */ = {
			isa = PBXGroup;
			children = (
				B4068DB5122693870043723D /* TagsManagementSpec.h */,
				B4068DB6122693870043723D /* TagsManagementSpec.m */,
			);
			name = UnitTest;
			sourceTree = "<group>";
		};
		B4197A591226BAD800B59CCA /* OCUnit */ = {
			isa = PBXGroup;
			children = (
				B4197A5A1226BB1500B59CCA /* h.template */,
				B4197A5B1226BB1500B59CCA /* m.template */,
				B4197A5C1226BB1500B59CCA /* NSException_SenTestFailure.h */,
				B4197A5D1226BB1500B59CCA /* NSException_SenTestFailure.m */,
				B4197A5E1226BB1500B59CCA /* NSInvocation_SenTesting.h */,
				B4197A5F1226BB1500B59CCA /* NSInvocation_SenTesting.m */,
				B4197A601226BB1500B59CCA /* NSObject_SenTestRuntimeUtilities.h */,
				B4197A611226BB1500B59CCA /* NSObject_SenTestRuntimeUtilities.m */,
				B4197A621226BB1500B59CCA /* OpenSourceLicense.html */,
				B4197A631226BB1500B59CCA /* PB.project */,
				B4197A641226BB1500B59CCA /* SenInterfaceTestCase.h */,
				B4197A651226BB1500B59CCA /* SenInterfaceTestCase.m */,
				B4197A661226BB1500B59CCA /* sente.gif */,
				B4197A671226BB1500B59CCA /* SenTest.h */,
				B4197A681226BB1500B59CCA /* SenTest.m */,
				B4197A691226BB1500B59CCA /* SenTestCase_Macros.h */,
				B4197A6A1226BB1500B59CCA /* SenTestCase.h */,
				B4197A6B1226BB1500B59CCA /* SenTestCase.m */,
				B4197A6C1226BB1500B59CCA /* SenTestCaseRun.h */,
				B4197A6D1226BB1500B59CCA /* SenTestCaseRun.m */,
				B4197A6E1226BB1500B59CCA /* SenTestClassEnumerator.h */,
				B4197A6F1226BB1500B59CCA /* SenTestClassEnumerator.m */,
				B4197A701226BB1500B59CCA /* SenTestDefines.h */,
				B4197A711226BB1500B59CCA /* SenTestDistributedNotifier.h */,
				B4197A721226BB1500B59CCA /* SenTestDistributedNotifier.m */,
				B4197A731226BB1500B59CCA /* SenTestingKit_Prefix.pch */,
				B4197A741226BB1500B59CCA /* SenTestingKit.h */,
				B4197A751226BB1500B59CCA /* SenTestingKit.xcode */,
				B4197A781226BB1500B59CCA /* SenTestingUtilities.h */,
				B4197A791226BB1500B59CCA /* SenTestingUtilities.m */,
				B4197A7A1226BB1500B59CCA /* SenTestInvocationEnumerator.h */,
				B4197A7B1226BB1500B59CCA /* SenTestInvocationEnumerator.m */,
				B4197A7C1226BB1500B59CCA /* SenTestLog.h */,
				B4197A7D1226BB1500B59CCA /* SenTestLog.m */,
				B4197A7E1226BB1500B59CCA /* SenTestObserver.h */,
				B4197A7F1226BB1500B59CCA /* SenTestObserver.m */,
				B4197A801226BB1500B59CCA /* SenTestProbe.h */,
				B4197A811226BB1500B59CCA /* SenTestProbe.m */,
				B4197A821226BB1500B59CCA /* SenTestRun.h */,
				B4197A831226BB1500B59CCA /* SenTestRun.m */,
				B4197A841226BB1500B59CCA /* SenTestSuite.h */,
				B4197A851226BB1500B59CCA /* SenTestSuite.m */,
				B4197A861226BB1500B59CCA /* SenTestSuiteRun.h */,
				B4197A871226BB1500B59CCA /* SenTestSuiteRun.m */,
			);
			name = OCUnit;
			sourceTree = "<group>";
		};
		B4197A761226BB1500B59CCA /* Products */ = {
			isa = PBXGroup;
			children = (
				B4197AA21226BB1500B59CCA /* SenTestingKit.framework */,
				B4197AA41226BB1500B59CCA /* SenTestingKit_UnitTests.framework */,
			);
			name = Products;
			sourceTree = "<group>";
		};
/* End PBXGroup section */

/* Begin PBXNativeTarget section */
		8D1107260486CEB800E47090 /* pomodoro */ = {
			isa = PBXNativeTarget;
			buildConfigurationList = C01FCF4A08A954540054247B /* Build configuration list for PBXNativeTarget "pomodoro" */;
			buildPhases = (
				8D1107290486CEB800E47090 /* Resources */,
				8D11072C0486CEB800E47090 /* Sources */,
				8D11072E0486CEB800E47090 /* Frameworks */,
				696F5DA71051D80A0085FA8D /* CopyFiles */,
				696F5D9E1051D7AD0085FA8D /* ShellScript */,
			);
			buildRules = (
			);
			dependencies = (
			);
			name = pomodoro;
			productInstallPath = "$(HOME)/Applications";
			productName = pomodoro;
			productReference = 8D1107320486CEB800E47090 /* pomodoro.app */;
			productType = "com.apple.product-type.application";
		};
		B41978EA1226AAD100B59CCA /* UnitTest */ = {
			isa = PBXNativeTarget;
			buildConfigurationList = B41978FB1226AB0E00B59CCA /* Build configuration list for PBXNativeTarget "UnitTest" */;
			buildPhases = (
				B4197A4E1226B3A600B59CCA /* CopyFiles */,
				B41978E61226AAD100B59CCA /* Resources */,
				B41978E71226AAD100B59CCA /* Sources */,
				B41978E81226AAD100B59CCA /* Frameworks */,
				B41978E91226AAD100B59CCA /* ShellScript */,
			);
			buildRules = (
			);
			dependencies = (
			);
			name = UnitTest;
			productName = UnitTest;
			productReference = B41978EB1226AAD100B59CCA /* UnitTest.octest */;
			productType = "com.apple.product-type.bundle";
		};
/* End PBXNativeTarget section */

/* Begin PBXProject section */
		29B97313FDCFA39411CA2CEA /* Project object */ = {
			isa = PBXProject;
			buildConfigurationList = C01FCF4E08A954540054247B /* Build configuration list for PBXProject "pomodoro" */;
			compatibilityVersion = "Xcode 3.1";
			hasScannedForEncodings = 1;
			knownRegions = (
				en,
			);
			mainGroup = 29B97314FDCFA39411CA2CEA /* pomodoro */;
			projectDirPath = "";
			projectReferences = (
				{
					ProductGroup = B4197A761226BB1500B59CCA /* Products */;
					ProjectRef = B4197A751226BB1500B59CCA /* SenTestingKit.xcode */;
				},
			);
			projectRoot = "";
			targets = (
				8D1107260486CEB800E47090 /* pomodoro */,
				B41978EA1226AAD100B59CCA /* UnitTest */,
			);
		};
/* End PBXProject section */

/* Begin PBXReferenceProxy section */
		B4197AA21226BB1500B59CCA /* SenTestingKit.framework */ = {
			isa = PBXReferenceProxy;
			fileType = wrapper.framework;
			path = SenTestingKit.framework;
			remoteRef = B4197AA11226BB1500B59CCA /* PBXContainerItemProxy */;
			sourceTree = BUILT_PRODUCTS_DIR;
		};
		B4197AA41226BB1500B59CCA /* SenTestingKit_UnitTests.framework */ = {
			isa = PBXReferenceProxy;
			fileType = wrapper.framework;
			path = SenTestingKit_UnitTests.framework;
			remoteRef = B4197AA31226BB1500B59CCA /* PBXContainerItemProxy */;
			sourceTree = BUILT_PRODUCTS_DIR;
		};
/* End PBXReferenceProxy section */

/* Begin PBXResourcesBuildPhase section */
		8D1107290486CEB800E47090 /* Resources */ = {
			isa = PBXResourcesBuildPhase;
			buildActionMask = 2147483647;
			files = (
				8D11072B0486CEB800E47090 /* InfoPlist.strings in Resources */,
				696F5BED1051D32E0085FA8D /* About.xib in Resources */,
				696F5BEE1051D32E0085FA8D /* MainMenu.xib in Resources */,
				696F5BEF1051D32E0085FA8D /* Stats.xib in Resources */,
				696F5C4E1051D4360085FA8D /* about.html in Resources */,
				696F5C501051D4360085FA8D /* green.png in Resources */,
				696F5C511051D4360085FA8D /* Pomodoro-License.txt in Resources */,
				696F5C521051D4360085FA8D /* pomodoro.png in Resources */,
				696F5C531051D4360085FA8D /* pomodoroBreak.png in Resources */,
				696F5C541051D4360085FA8D /* pomodoroFreeze.png in Resources */,
				696F5C551051D4360085FA8D /* README.txt in Resources */,
				696F5C561051D4360085FA8D /* red.png in Resources */,
				696F5C571051D4360085FA8D /* ReleaseNotes.txt in Resources */,
				696F5C5A1051D4360085FA8D /* tick.wav in Resources */,
				69F206BB1053185C00F77A21 /* MGTwitterEngine-License.rtf in Resources */,
				69F206BC1053185C00F77A21 /* ShortcutRecorder-License.txt in Resources */,
				69F206BD1053185C00F77A21 /* Sounds-License.txt in Resources */,
				69F206BE1053185C00F77A21 /* Sparkle-License.txt in Resources */,
				69F206D61053199900F77A21 /* BGHUDAppKit-License.txt in Resources */,
				69F206E010531B9500F77A21 /* Growl-License.txt in Resources */,
				69F206F71053222B00F77A21 /* ring.wav in Resources */,
				69DCEE9F1105B00400F48F37 /* icon.icns in Resources */,
				69FE30E511065F2200A1D711 /* pomodoro_n.png in Resources */,
				69FE30E611065F2200A1D711 /* pomodoroBreak_n.png in Resources */,
				69FE30E711065F2200A1D711 /* pomodoroFreeze_n.png in Resources */,
				69FE31241106626A00A1D711 /* twitter.png in Resources */,
				698B363C1107896600C9A667 /* dsa_pub.pem in Resources */,
			);
			runOnlyForDeploymentPostprocessing = 0;
		};
		B41978E61226AAD100B59CCA /* Resources */ = {
			isa = PBXResourcesBuildPhase;
			buildActionMask = 2147483647;
			files = (
			);
			runOnlyForDeploymentPostprocessing = 0;
		};
/* End PBXResourcesBuildPhase section */

/* Begin PBXShellScriptBuildPhase section */
		696F5D9E1051D7AD0085FA8D /* ShellScript */ = {
			isa = PBXShellScriptBuildPhase;
			buildActionMask = 2147483647;
			files = (
			);
			inputPaths = (
			);
			outputPaths = (
			);
			runOnlyForDeploymentPostprocessing = 0;
			shellPath = /bin/sh;
			shellScript = "rm -fR \"${CONFIGURATION_BUILD_DIR}/${WRAPPER_NAME}/Contents/Frameworks/BGHUDAppKit.framework/Versions/Current/Resources\"";
		};
		B41978E91226AAD100B59CCA /* ShellScript */ = {
			isa = PBXShellScriptBuildPhase;
			buildActionMask = 2147483647;
			files = (
			);
			inputPaths = (
			);
			outputPaths = (
			);
			runOnlyForDeploymentPostprocessing = 0;
			shellPath = /bin/sh;
			shellScript = "# Run the unit tests in this test bundle.\n\"${SYSTEM_DEVELOPER_DIR}/Tools/RunUnitTests\"\n";
		};
/* End PBXShellScriptBuildPhase section */

/* Begin PBXSourcesBuildPhase section */
		8D11072C0486CEB800E47090 /* Sources */ = {
			isa = PBXSourcesBuildPhase;
			buildActionMask = 2147483647;
			files = (
				8D11072D0486CEB800E47090 /* main.m in Sources */,
				696F5C241051D3A30085FA8D /* AboutController.m in Sources */,
				696F5C251051D3A30085FA8D /* Binder.m in Sources */,
				696F5C261051D3A30085FA8D /* DurationFormatter.m in Sources */,
				696F5C271051D3A30085FA8D /* GrowlNotifier.m in Sources */,
				696F5C281051D3A30085FA8D /* MGTwitterEngine.m in Sources */,
				696F5C291051D3A30085FA8D /* MGTwitterHTTPURLConnection.m in Sources */,
				696F5C2A1051D3A30085FA8D /* MGTwitterLibXMLParser.m in Sources */,
				696F5C2B1051D3A30085FA8D /* MGTwitterMessagesLibXMLParser.m in Sources */,
				696F5C2C1051D3A30085FA8D /* MGTwitterMessagesParser.m in Sources */,
				696F5C2D1051D3A30085FA8D /* MGTwitterMiscLibXMLParser.m in Sources */,
				696F5C2E1051D3A30085FA8D /* MGTwitterMiscParser.m in Sources */,
				696F5C2F1051D3A30085FA8D /* MGTwitterStatusesLibXMLParser.m in Sources */,
				696F5C301051D3A30085FA8D /* MGTwitterStatusesParser.m in Sources */,
				696F5C311051D3A30085FA8D /* MGTwitterUsersLibXMLParser.m in Sources */,
				696F5C321051D3A30085FA8D /* MGTwitterUsersParser.m in Sources */,
				696F5C331051D3A30085FA8D /* MGTwitterXMLParser.m in Sources */,
				696F5C341051D3A30085FA8D /* NSData+Base64.m in Sources */,
				696F5C351051D3A30085FA8D /* NSString+UUID.m in Sources */,
				696F5C361051D3A30085FA8D /* Pomodoro.m in Sources */,
				696F5C371051D3A30085FA8D /* PomodoroArrayController.m in Sources */,
				696F5C381051D3A30085FA8D /* PomodoroController.m in Sources */,
				696F5C391051D3A30085FA8D /* PomodoroDefaults.m in Sources */,
				696F5C3A1051D3A30085FA8D /* PomodoroStats.m in Sources */,
				696F5C3B1051D3A30085FA8D /* StatsController.m in Sources */,
				696F5C6B1051D51F0085FA8D /* Pomodoros.xcdatamodel in Sources */,
				69F2078110533B7300F77A21 /* PomodoroMenuExtra.m in Sources */,
				69F2078410533B9300F77A21 /* PomodoroMenuExtraView.m in Sources */,
				69D16FA21053C1E10051AC93 /* PTHotKey.m in Sources */,
				69D16FA31053C1E10051AC93 /* PTHotKeyCenter.m in Sources */,
				69D16FA41053C1E10051AC93 /* PTKeyCodeTranslator.m in Sources */,
				69D16FA51053C1E10051AC93 /* PTKeyCombo.m in Sources */,
				B4068CCE12265EC00043723D /* TagsController.m in Sources */,
			);
			runOnlyForDeploymentPostprocessing = 0;
		};
		B41978E71226AAD100B59CCA /* Sources */ = {
			isa = PBXSourcesBuildPhase;
			buildActionMask = 2147483647;
			files = (
				B41979001226AB5D00B59CCA /* AboutController.m in Sources */,
				B41979011226AB5D00B59CCA /* Binder.m in Sources */,
				B41979021226AB5D00B59CCA /* DurationFormatter.m in Sources */,
				B41979031226AB5D00B59CCA /* GrowlNotifier.m in Sources */,
				B41979041226AB5D00B59CCA /* MGTwitterEngine.m in Sources */,
				B41979051226AB5D00B59CCA /* MGTwitterHTTPURLConnection.m in Sources */,
				B41979061226AB5D00B59CCA /* MGTwitterLibXMLParser.m in Sources */,
				B41979071226AB5D00B59CCA /* MGTwitterMessagesLibXMLParser.m in Sources */,
				B41979081226AB5D00B59CCA /* MGTwitterMessagesParser.m in Sources */,
				B41979091226AB5D00B59CCA /* MGTwitterMiscLibXMLParser.m in Sources */,
				B419790A1226AB5D00B59CCA /* MGTwitterMiscParser.m in Sources */,
				B419790B1226AB5D00B59CCA /* MGTwitterStatusesLibXMLParser.m in Sources */,
				B419790C1226AB5D00B59CCA /* MGTwitterStatusesParser.m in Sources */,
				B419790D1226AB5D00B59CCA /* MGTwitterUsersLibXMLParser.m in Sources */,
				B419790E1226AB5D00B59CCA /* MGTwitterUsersParser.m in Sources */,
				B419790F1226AB5D00B59CCA /* MGTwitterXMLParser.m in Sources */,
				B41979101226AB5D00B59CCA /* NSData+Base64.m in Sources */,
				B41979111226AB5D00B59CCA /* NSString+UUID.m in Sources */,
				B41979121226AB5D00B59CCA /* Pomodoro.m in Sources */,
				B41979131226AB5D00B59CCA /* PomodoroArrayController.m in Sources */,
				B41979141226AB5D00B59CCA /* PomodoroController.m in Sources */,
				B41979151226AB5D00B59CCA /* PomodoroDefaults.m in Sources */,
				B41979161226AB5D00B59CCA /* PomodoroStats.m in Sources */,
				B41979171226AB5D00B59CCA /* StatsController.m in Sources */,
				B41979181226AB5D00B59CCA /* Pomodoros.xcdatamodel in Sources */,
				B41979191226AB5D00B59CCA /* PomodoroMenuExtra.m in Sources */,
				B419791A1226AB5D00B59CCA /* PomodoroMenuExtraView.m in Sources */,
				B419791B1226AB5D00B59CCA /* PTHotKey.m in Sources */,
				B419791C1226AB5D00B59CCA /* PTHotKeyCenter.m in Sources */,
				B419791D1226AB5D00B59CCA /* PTKeyCodeTranslator.m in Sources */,
				B419791E1226AB5D00B59CCA /* PTKeyCombo.m in Sources */,
				B419791F1226AB5D00B59CCA /* TagsController.m in Sources */,
				B41978F61226AB0E00B59CCA /* ProvaScenario.m in Sources */,
				B4197A8A1226BB1500B59CCA /* NSException_SenTestFailure.m in Sources */,
				B4197A8B1226BB1500B59CCA /* NSInvocation_SenTesting.m in Sources */,
				B4197A8C1226BB1500B59CCA /* NSObject_SenTestRuntimeUtilities.m in Sources */,
				B4197A8F1226BB1500B59CCA /* SenInterfaceTestCase.m in Sources */,
				B4197A911226BB1500B59CCA /* SenTest.m in Sources */,
				B4197A921226BB1500B59CCA /* SenTestCase.m in Sources */,
				B4197A931226BB1500B59CCA /* SenTestCaseRun.m in Sources */,
				B4197A941226BB1500B59CCA /* SenTestClassEnumerator.m in Sources */,
				B4197A951226BB1500B59CCA /* SenTestDistributedNotifier.m in Sources */,
				B4197A961226BB1500B59CCA /* SenTestingUtilities.m in Sources */,
				B4197A971226BB1500B59CCA /* SenTestInvocationEnumerator.m in Sources */,
				B4197A981226BB1500B59CCA /* SenTestLog.m in Sources */,
				B4197A991226BB1500B59CCA /* SenTestObserver.m in Sources */,
				B4197A9A1226BB1500B59CCA /* SenTestProbe.m in Sources */,
				B4197A9B1226BB1500B59CCA /* SenTestRun.m in Sources */,
				B4197A9C1226BB1500B59CCA /* SenTestSuite.m in Sources */,
				B4197A9D1226BB1500B59CCA /* SenTestSuiteRun.m in Sources */,
			);
			runOnlyForDeploymentPostprocessing = 0;
		};
/* End PBXSourcesBuildPhase section */

/* Begin PBXVariantGroup section */
		089C165CFE840E0CC02AAC07 /* InfoPlist.strings */ = {
			isa = PBXVariantGroup;
			children = (
				089C165DFE840E0CC02AAC07 /* English */,
			);
			name = InfoPlist.strings;
			sourceTree = "<group>";
		};
/* End PBXVariantGroup section */

/* Begin XCBuildConfiguration section */
		B41978EC1226AAD100B59CCA /* Debug */ = {
			isa = XCBuildConfiguration;
			buildSettings = {
				ALWAYS_SEARCH_USER_PATHS = NO;
				COPY_PHASE_STRIP = NO;
				FRAMEWORK_SEARCH_PATHS = (
					"\"$(SRCROOT)/..\"",
					"\"$(SRCROOT)/../Sparkle.framework\"",
					"\"$(SYSTEM_LIBRARY_DIR)/PrivateFrameworks\"",
				);
				GCC_DYNAMIC_NO_PIC = NO;
				GCC_ENABLE_FIX_AND_CONTINUE = NO;
				GCC_ENABLE_OBJC_EXCEPTIONS = YES;
				GCC_ENABLE_OBJC_GC = unsupported;
				GCC_MODEL_TUNING = G5;
				GCC_OPTIMIZATION_LEVEL = 0;
				GCC_PRECOMPILE_PREFIX_HEADER = YES;
				GCC_PREFIX_HEADER = "$(SYSTEM_LIBRARY_DIR)/Frameworks/Cocoa.framework/Headers/Cocoa.h";
				HEADER_SEARCH_PATHS = (
					"\"$(SRCROOT)/..\"",
					/usr/include/libxml2,
				);
				INFOPLIST_FILE = "UnitTest-Info.plist";
				INSTALL_PATH = "$(USER_LIBRARY_DIR)/Bundles";
				OTHER_LDFLAGS = (
					"-framework",
					Cocoa,
				);
				PREBINDING = NO;
				PRODUCT_NAME = UnitTest;
				USER_HEADER_SEARCH_PATHS = "";
				WRAPPER_EXTENSION = octest;
			};
			name = Debug;
		};
		B41978ED1226AAD100B59CCA /* Release */ = {
			isa = XCBuildConfiguration;
			buildSettings = {
				ALWAYS_SEARCH_USER_PATHS = NO;
				COPY_PHASE_STRIP = YES;
				DEBUG_INFORMATION_FORMAT = "dwarf-with-dsym";
				FRAMEWORK_SEARCH_PATHS = (
					"\"$(SRCROOT)/..\"",
					"\"$(SRCROOT)/../Sparkle.framework\"",
					"\"$(SYSTEM_LIBRARY_DIR)/PrivateFrameworks\"",
				);
				GCC_ENABLE_FIX_AND_CONTINUE = NO;
				GCC_ENABLE_OBJC_EXCEPTIONS = YES;
				GCC_ENABLE_OBJC_GC = unsupported;
				GCC_MODEL_TUNING = G5;
				GCC_PRECOMPILE_PREFIX_HEADER = YES;
				GCC_PREFIX_HEADER = "$(SYSTEM_LIBRARY_DIR)/Frameworks/Cocoa.framework/Headers/Cocoa.h";
				HEADER_SEARCH_PATHS = (
					"\"$(SRCROOT)/..\"",
					/usr/include/libxml2,
				);
				INFOPLIST_FILE = "UnitTest-Info.plist";
				INSTALL_PATH = "$(USER_LIBRARY_DIR)/Bundles";
				OTHER_LDFLAGS = (
					"-framework",
					Cocoa,
				);
				PREBINDING = NO;
				PRODUCT_NAME = UnitTest;
				USER_HEADER_SEARCH_PATHS = "";
				WRAPPER_EXTENSION = octest;
				ZERO_LINK = NO;
			};
			name = Release;
		};
		C01FCF4B08A954540054247B /* Debug */ = {
			isa = XCBuildConfiguration;
			buildSettings = {
				ALWAYS_SEARCH_USER_PATHS = NO;
				COPY_PHASE_STRIP = NO;
				FRAMEWORK_SEARCH_PATHS = (
					"$(inherited)",
					"\"$(SRCROOT)\"",
					"\"$(SRCROOT)/..\"",
					"\"$(SRCROOT)/../BGHUDAppKit.framework\"",
					"\"$(SRCROOT)/../Growl.framework\"",
					"\"$(SRCROOT)/../Sparkle.framework\"",
					"\"$(SRCROOT)/../ShortcutRecorder.framework\"",
					"\"$(SYSTEM_LIBRARY_DIR)/PrivateFrameworks\"",
				);
				GCC_DYNAMIC_NO_PIC = NO;
				GCC_ENABLE_FIX_AND_CONTINUE = YES;
				GCC_MODEL_TUNING = G5;
				GCC_OPTIMIZATION_LEVEL = 0;
				GCC_PRECOMPILE_PREFIX_HEADER = YES;
				GCC_PREFIX_HEADER = pomodoro_Prefix.pch;
				HEADER_SEARCH_PATHS = /usr/include/libxml2;
				INFOPLIST_FILE = "pomodoro-Info.plist";
				INSTALL_PATH = "$(HOME)/Applications";
				LIBRARY_SEARCH_PATHS = (
					"$(inherited)",
					"\"$(SRCROOT)\"",
				);
				ONLY_ACTIVE_ARCH = NO;
				PRODUCT_NAME = pomodoro;
				SDKROOT = macosx10.6;
			};
			name = Debug;
		};
		C01FCF4C08A954540054247B /* Release */ = {
			isa = XCBuildConfiguration;
			buildSettings = {
				ALWAYS_SEARCH_USER_PATHS = NO;
				COPY_PHASE_STRIP = NO;
				DEBUG_INFORMATION_FORMAT = "dwarf-with-dsym";
				FRAMEWORK_SEARCH_PATHS = (
					"$(inherited)",
					"\"$(SRCROOT)\"",
					"\"$(SRCROOT)/..\"",
					"\"$(SRCROOT)/../BGHUDAppKit.framework\"",
					"\"$(SRCROOT)/../Growl.framework\"",
					"\"$(SRCROOT)/../Sparkle.framework\"",
					"\"$(SRCROOT)/../ShortcutRecorder.framework\"",
					"\"$(SYSTEM_LIBRARY_DIR)/PrivateFrameworks\"",
				);
				GCC_MODEL_TUNING = G5;
				GCC_PRECOMPILE_PREFIX_HEADER = YES;
				GCC_PREFIX_HEADER = pomodoro_Prefix.pch;
				HEADER_SEARCH_PATHS = /usr/include/libxml2;
				INFOPLIST_FILE = "pomodoro-Info.plist";
				INSTALL_PATH = "$(HOME)/Applications";
				LIBRARY_SEARCH_PATHS = (
					"$(inherited)",
					"\"$(SRCROOT)\"",
				);
				ONLY_ACTIVE_ARCH = NO;
				PRODUCT_NAME = pomodoro;
				SDKROOT = macosx10.6;
			};
			name = Release;
		};
		C01FCF4F08A954540054247B /* Debug */ = {
			isa = XCBuildConfiguration;
			buildSettings = {
				ARCHS = "$(ARCHS_STANDARD_32_64_BIT)";
				GCC_C_LANGUAGE_STANDARD = gnu99;
				GCC_OPTIMIZATION_LEVEL = 0;
				GCC_WARN_ABOUT_RETURN_TYPE = YES;
				GCC_WARN_UNUSED_VARIABLE = YES;
				ONLY_ACTIVE_ARCH = YES;
				PREBINDING = NO;
				SDKROOT = macosx10.6;
				USER_HEADER_SEARCH_PATHS = "";
			};
			name = Debug;
		};
		C01FCF5008A954540054247B /* Release */ = {
			isa = XCBuildConfiguration;
			buildSettings = {
				ARCHS = "$(ARCHS_STANDARD_32_64_BIT)";
				GCC_C_LANGUAGE_STANDARD = gnu99;
				GCC_WARN_ABOUT_RETURN_TYPE = YES;
				GCC_WARN_UNUSED_VARIABLE = YES;
				HEADER_SEARCH_PATHS = "";
				PREBINDING = NO;
				SDKROOT = macosx10.6;
				USER_HEADER_SEARCH_PATHS = "";
			};
			name = Release;
		};
/* End XCBuildConfiguration section */

/* Begin XCConfigurationList section */
		B41978FB1226AB0E00B59CCA /* Build configuration list for PBXNativeTarget "UnitTest" */ = {
			isa = XCConfigurationList;
			buildConfigurations = (
				B41978EC1226AAD100B59CCA /* Debug */,
				B41978ED1226AAD100B59CCA /* Release */,
			);
			defaultConfigurationIsVisible = 0;
			defaultConfigurationName = Release;
		};
		C01FCF4A08A954540054247B /* Build configuration list for PBXNativeTarget "pomodoro" */ = {
			isa = XCConfigurationList;
			buildConfigurations = (
				C01FCF4B08A954540054247B /* Debug */,
				C01FCF4C08A954540054247B /* Release */,
			);
			defaultConfigurationIsVisible = 0;
			defaultConfigurationName = Release;
		};
		C01FCF4E08A954540054247B /* Build configuration list for PBXProject "pomodoro" */ = {
			isa = XCConfigurationList;
			buildConfigurations = (
				C01FCF4F08A954540054247B /* Debug */,
				C01FCF5008A954540054247B /* Release */,
			);
			defaultConfigurationIsVisible = 0;
			defaultConfigurationName = Release;
		};
/* End XCConfigurationList section */
	};
	rootObject = 29B97313FDCFA39411CA2CEA /* Project object */;
}
